PODS:
  - ADAL (1.2.10)
  - AFNetworking (4.0.2):
    - AFNetworking/NSURLSession (= 4.0.2)
    - AFNetworking/Reachability (= 4.0.2)
    - AFNetworking/Security (= 4.0.2)
    - AFNetworking/Serialization (= 4.0.2)
    - AFNetworking/UIKit (= 4.0.2)
  - AFNetworking/NSURLSession (4.0.2):
    - AFNetworking/Reachability
    - AFNetworking/Security
    - AFNetworking/Serialization
  - AFNetworking/Reachability (4.0.2)
  - AFNetworking/Security (4.0.2)
  - AFNetworking/Serialization (4.0.2)
  - AFNetworking/UIKit (4.0.2):
    - AFNetworking/NSURLSession
  - AppAuth (1.7.6):
    - AppAuth/Core (= 1.7.6)
    - AppAuth/ExternalUserAgent (= 1.7.6)
  - AppAuth/Core (1.7.6)
  - AppAuth/ExternalUserAgent (1.7.6):
    - AppAuth/Core
  - Base32 (1.1.2)
  - box-ios-sdk-v2 (1.2.3):
    - box-ios-sdk-v2/no-arc (= 1.2.3)
  - box-ios-sdk-v2/no-arc (1.2.3)
  - CocoaHTTPServer (2.3)
  - GoogleAPIClientForREST/Core (1.2.1):
    - GTMSessionFetcher (>= 1.1.7)
  - GoogleAPIClientForREST/Drive (1.2.1):
    - GoogleAPIClientForREST/Core
    - GTMSessionFetcher (>= 1.1.7)
  - GoogleSignIn (6.2.0):
    - AppAuth (~> 1.5)
    - GTMAppAuth (< 2.0, >= 1.3.0)
    - GTMSessionFetcher/Core (~> 1.1)
  - GRKArrayDiff (2.2.2)
  - GTMAppAuth (1.3.1):
    - AppAuth/Core (~> 1.6)
    - GTMSessionFetcher/Core (< 3.0, >= 1.5)
  - GTMSessionFetcher (1.7.2):
    - GTMSessionFetcher/Full (= 1.7.2)
  - GTMSessionFetcher/Core (1.7.2)
  - GTMSessionFetcher/Full (1.7.2):
    - GTMSessionFetcher/Core (= 1.7.2)
  - InAppSettingsKit (2.14)
  - MarqueeLabel (4.5.0)
  - MetaDataFetcherKit (0.5.1):
    - AFNetworking
  - ObjectiveDropboxOfficial (7.4.1)
  - OBSlider (1.1.1)
  - OneDriveSDK (1.3.0):
    - OneDriveSDK/Auth (= 1.3.0)
    - OneDriveSDK/Common (= 1.3.0)
    - OneDriveSDK/Extensions (= 1.3.0)
    - OneDriveSDK/Implementations (= 1.3.0)
    - OneDriveSDK/OneDriveCoreSDK (= 1.3.0)
  - OneDriveSDK/Auth (1.3.0):
    - ADAL (~> 1.2.10)
    - Base32 (~> 1.1)
    - OneDriveSDK/Common
  - OneDriveSDK/Common (1.3.0)
  - OneDriveSDK/Extensions (1.3.0):
    - OneDriveSDK/Auth
    - OneDriveSDK/Implementations
    - OneDriveSDK/OneDriveCoreSDK
  - OneDriveSDK/Implementations (1.3.0):
    - OneDriveSDK/Common
  - OneDriveSDK/OneDriveCoreSDK (1.3.0):
    - OneDriveSDK/Common
  - PCloudSDKSwift (3.2.3)
  - SimulatorStatusMagic (2.7)
  - SwiftLint (0.50.3)
  - VLCKit (4.0.0a11)
  - VLCMediaLibraryKit (0.14.0a1):
    - VLCKit (>= 4.0.0a10)
  - XKKeychain (1.0.1)

DEPENDENCIES:
  - ADAL (from `https://code.videolan.org/fkuehne/azure-activedirectory-library-for-objc.git`, commit `348e94df`)
  - AFNetworking (from `https://code.videolan.org/fkuehne/AFNetworking.git`, commit `ee51009a`)
  - box-ios-sdk-v2 (from `https://github.com/fkuehne/box-ios-sdk-v2.git`, commit `08161e74`)
  - CocoaHTTPServer (from `https://code.videolan.org/fkuehne/CocoaHTTPServer.git`, commit `08f9b818`)
  - GoogleAPIClientForREST/Drive (~> 1.2.1)
  - GoogleSignIn (= 6.2.0)
  - GRKArrayDiff (from `https://code.videolan.org/fkuehne/GRKArrayDiff.git`)
  - GTMAppAuth (~> 1.0)
  - InAppSettingsKit (from `https://github.com/Mikanbu/InAppSettingsKit.git`, commit `a429840`)
  - MarqueeLabel (from `https://code.videolan.org/fkuehne/MarqueeLabel.git`, commit `e289fa32`)
  - MetaDataFetcherKit (~> 0.5.0)
  - ObjectiveDropboxOfficial
  - OBSlider (from `https://code.videolan.org/fkuehne/OBSlider.git`, commit `e60cddfe`)
  - OneDriveSDK (from `https://code.videolan.org/fkuehne/onedrive-sdk-ios.git`, commit `810f82da`)
  - PCloudSDKSwift
  - SimulatorStatusMagic
  - SwiftLint (~> 0.50.3)
  - VLCKit (= 4.0.0a11)
  - VLCMediaLibraryKit (= 0.14.0a1)
  - XKKeychain (from `https://code.videolan.org/fkuehne/XKKeychain.git`, commit `40abb8f1`)

SPEC REPOS:
  trunk:
    - AppAuth
    - Base32
    - GoogleAPIClientForREST
    - GoogleSignIn
    - GTMAppAuth
    - GTMSessionFetcher
    - MetaDataFetcherKit
    - ObjectiveDropboxOfficial
    - PCloudSDKSwift
    - SimulatorStatusMagic
    - SwiftLint
    - VLCKit
    - VLCMediaLibraryKit

EXTERNAL SOURCES:
  ADAL:
    :commit: 348e94df
    :git: https://code.videolan.org/fkuehne/azure-activedirectory-library-for-objc.git
  AFNetworking:
    :commit: ee51009a
    :git: https://code.videolan.org/fkuehne/AFNetworking.git
  box-ios-sdk-v2:
    :commit: '08161e74'
    :git: https://github.com/fkuehne/box-ios-sdk-v2.git
  CocoaHTTPServer:
    :commit: 08f9b818
    :git: https://code.videolan.org/fkuehne/CocoaHTTPServer.git
  GRKArrayDiff:
    :git: https://code.videolan.org/fkuehne/GRKArrayDiff.git
  InAppSettingsKit:
    :commit: a429840
    :git: https://github.com/Mikanbu/InAppSettingsKit.git
  MarqueeLabel:
    :commit: e289fa32
    :git: https://code.videolan.org/fkuehne/MarqueeLabel.git
  OBSlider:
    :commit: e60cddfe
    :git: https://code.videolan.org/fkuehne/OBSlider.git
  OneDriveSDK:
    :commit: 810f82da
    :git: https://code.videolan.org/fkuehne/onedrive-sdk-ios.git
  XKKeychain:
    :commit: 40abb8f1
    :git: https://code.videolan.org/fkuehne/XKKeychain.git

CHECKOUT OPTIONS:
  ADAL:
    :commit: 348e94df
    :git: https://code.videolan.org/fkuehne/azure-activedirectory-library-for-objc.git
  AFNetworking:
    :commit: ee51009a
    :git: https://code.videolan.org/fkuehne/AFNetworking.git
  box-ios-sdk-v2:
    :commit: '08161e74'
    :git: https://github.com/fkuehne/box-ios-sdk-v2.git
  CocoaHTTPServer:
    :commit: 08f9b818
    :git: https://code.videolan.org/fkuehne/CocoaHTTPServer.git
  GRKArrayDiff:
    :commit: f4151360f979c3305a41a68e911079ee60652701
    :git: https://code.videolan.org/fkuehne/GRKArrayDiff.git
  InAppSettingsKit:
    :commit: a429840
    :git: https://github.com/Mikanbu/InAppSettingsKit.git
  MarqueeLabel:
    :commit: e289fa32
    :git: https://code.videolan.org/fkuehne/MarqueeLabel.git
  OBSlider:
    :commit: e60cddfe
    :git: https://code.videolan.org/fkuehne/OBSlider.git
  OneDriveSDK:
    :commit: 810f82da
    :git: https://code.videolan.org/fkuehne/onedrive-sdk-ios.git
  XKKeychain:
    :commit: 40abb8f1
    :git: https://code.videolan.org/fkuehne/XKKeychain.git

SPEC CHECKSUMS:
  ADAL: f2eb2158b9bcd2c8416ff2d026c176b98ea6651f
  AFNetworking: e88455b4d6f598a9b319603a32ad3a087d2a293b
  AppAuth: d4f13a8fe0baf391b2108511793e4b479691fb73
  Base32: 163c298644d184e89ca4e00a996bad6bf5166390
  box-ios-sdk-v2: 9423bd75373350ea40b92f3d2d6e89f81d96d634
  CocoaHTTPServer: 2c7e47a6aa9c13f4a702979d6c2aaa9e90d3df4b
  GoogleAPIClientForREST: a8b95a252014ce2e618df6b75dc72eca2c00b4af
  GoogleSignIn: cdb27fee152cde4efd4bb814cfb4ad595fe1ff03
  GRKArrayDiff: bb58b8e3c77eff900c14b704bcc657f45ba76e13
  GTMAppAuth: 0ff230db599948a9ad7470ca667337803b3fc4dd
  GTMSessionFetcher: 5595ec75acf5be50814f81e9189490412bad82ba
  InAppSettingsKit: 3887d126d00a4ae468692deaaa7a8989e6b97fb7
  MarqueeLabel: 078f768fd80e373dbf99c2272ce4a7da3ce98a09
  MetaDataFetcherKit: bfe763f41e25eef64f40d205f9afdc1080d6df2e
  ObjectiveDropboxOfficial: 8699fa65969a94f8305d8dabf9c9a8dd856ac598
  OBSlider: 6b0165a168681fd3810ef5e793e928889e543201
  OneDriveSDK: fbb41c73c36a23a580d172657c67c47dbb8f8e24
  PCloudSDKSwift: 1c1c9a93db5e086c4d421d529091f458b4f59923
  SimulatorStatusMagic: 4e15e56530b367e90dcd3b94fd272e833e9d8a44
  SwiftLint: 77f7cb2b9bb81ab4a12fcc86448ba3f11afa50c6
  VLCKit: d4f0baaef03f636da4803c34110bae43de3bec79
  VLCMediaLibraryKit: cefe73bb9813341e655a892c4ec4f176533da77c
  XKKeychain: 160ce5bfeff49e9fef091f7fc2b2fe5a5aa08e08

PODFILE CHECKSUM: 90b903d6e0b09818983dcdd5739b5697596b4f93

COCOAPODS: 1.15.2
