PODS:
  - AFNetworking (3.1.0):
    - AFNetworking/NSURLSession (= 3.1.0)
    - AFNetworking/Reachability (= 3.1.0)
    - AFNetworking/Security (= 3.1.0)
    - AFNetworking/Serialization (= 3.1.0)
    - AFNetworking/UIKit (= 3.1.0)
  - AFNetworking/NSURLSession (3.1.0):
    - AFNetworking/Reachability
    - AFNetworking/Security
    - AFNetworking/Serialization
  - AFNetworking/Reachability (3.1.0)
  - AFNetworking/Security (3.1.0)
  - AFNetworking/Serialization (3.1.0)
  - AFNetworking/UIKit (3.1.0):
    - AFNetworking/NSURLSession
  - AppAuth (0.92.0)
  - box-ios-sdk-v2 (1.2.3):
    - box-ios-sdk-v2/no-arc (= 1.2.3)
  - box-ios-sdk-v2/no-arc (1.2.3)
  - CocoaHTTPServer (2.3)
  - GoogleAPIClient/Core (1.0.5):
    - GTMSessionFetcher (~> 1.1)
  - GoogleAPIClient/Drive (1.0.5):
    - GoogleAPIClient/Core
    - GTMSessionFetcher (~> 1.1)
  - GRKArrayDiff (2.1.1)
  - GTMAppAuth (0.7.0):
    - AppAuth (~> 0.92.0)
    - GTMSessionFetcher (~> 1.1)
  - GTMSessionFetcher (1.1.14):
    - GTMSessionFetcher/Full (= 1.1.14)
  - GTMSessionFetcher/Core (1.1.14)
  - GTMSessionFetcher/Full (1.1.14):
    - GTMSessionFetcher/Core (= 1.1.14)
  - HockeySDK-tvOS (5.0.0)
  - HockeySDK/CrashOnlyLib (5.1.2)
  - InAppSettingsKit (2.2.2)
  - MediaLibraryKit-prod (2.6.5):
    - MobileVLCKit (~> 3.0.1)
  - MetaDataFetcherKit (0.1.8):
    - AFNetworking (= 3.1.0)
    - OROpenSubtitleDownloader
  - MobileVLCKit (3.0.2)
  - NSData+Base64 (1.0.0)
  - ObjectiveDropboxOfficial (1.1)
  - OBSlider (1.1.0)
  - OROpenSubtitleDownloader (1.2.0):
    - AFNetworking
    - xmlrpc
  - PAPasscode (1.0)
  - RESideMenu (4.0.7)
  - TVVLCKit (3.0.2)
  - upnpx (1.4.0)
  - VLC-LiveSDK (5.7.0x)
  - VLC-LXReorderableCollectionViewFlowLayout (0.1.3v)
  - VLC-WhiteRaccoon (1.0.0)
  - XKKeychain (1.0.1)
  - xmlrpc (2.3.4):
    - NSData+Base64 (~> 1.0.0)

DEPENDENCIES:
  - box-ios-sdk-v2 (from `git://github.com/fkuehne/box-ios-sdk-v2.git`)
  - CocoaHTTPServer (from `git://github.com/fkuehne/CocoaHTTPServer.git`)
  - GoogleAPIClient/Drive
  - GRKArrayDiff (~> 2.1)
  - GTMAppAuth
  - HockeySDK-tvOS (~> 5.0.0)
  - HockeySDK/CrashOnlyLib (~> 5.1.2)
  - InAppSettingsKit (from `git://github.com/fkuehne/InAppSettingsKit.git`, commit `415ea6bb`)
  - MediaLibraryKit-prod
  - MetaDataFetcherKit (~> 0.1.8)
  - MobileVLCKit (= 3.0.2)
  - ObjectiveDropboxOfficial (from `git://github.com/carolanitz/dropbox-sdk-obj-c.git`)
  - OBSlider (= 1.1.0)
  - OROpenSubtitleDownloader (from `https://github.com/orta/OROpenSubtitleDownloader.git`, commit `0509eac2`)
  - PAPasscode (~> 1.0)
  - RESideMenu (~> 4.0.7)
  - TVVLCKit (= 3.0.2)
  - upnpx (~> 1.4.0)
  - VLC-LiveSDK (= 5.7.0x)
  - VLC-LXReorderableCollectionViewFlowLayout (= 0.1.3v)
  - VLC-WhiteRaccoon
  - XKKeychain (~> 1.0)

EXTERNAL SOURCES:
  box-ios-sdk-v2:
    :git: git://github.com/fkuehne/box-ios-sdk-v2.git
  CocoaHTTPServer:
    :git: git://github.com/fkuehne/CocoaHTTPServer.git
  InAppSettingsKit:
    :commit: 415ea6bb
    :git: git://github.com/fkuehne/InAppSettingsKit.git
  ObjectiveDropboxOfficial:
    :git: git://github.com/carolanitz/dropbox-sdk-obj-c.git
  OROpenSubtitleDownloader:
    :commit: 0509eac2
    :git: https://github.com/orta/OROpenSubtitleDownloader.git

CHECKOUT OPTIONS:
  box-ios-sdk-v2:
    :commit: 180f009b3b22d813ca40e4c88074e0ef228c357b
    :git: git://github.com/fkuehne/box-ios-sdk-v2.git
  CocoaHTTPServer:
    :commit: a73589dbb4c67a3a6e6441e1981ba1b5b70a77ad
    :git: git://github.com/fkuehne/CocoaHTTPServer.git
  InAppSettingsKit:
    :commit: 415ea6bb
    :git: git://github.com/fkuehne/InAppSettingsKit.git
  ObjectiveDropboxOfficial:
    :commit: 153b109c26aa8546fbe99567d229d91e09d2cd3b
    :git: git://github.com/carolanitz/dropbox-sdk-obj-c.git
  OROpenSubtitleDownloader:
    :commit: 0509eac2
    :git: https://github.com/orta/OROpenSubtitleDownloader.git

SPEC CHECKSUMS:
  AFNetworking: 5e0e199f73d8626b11e79750991f5d173d1f8b67
  AppAuth: 3f4f1d6d85ad631d0bbf15ffcdc10c447face97a
  box-ios-sdk-v2: 9423bd75373350ea40b92f3d2d6e89f81d96d634
  CocoaHTTPServer: 07df8b05a8bde406fe367d22c90a24a2fd4ca49f
  GoogleAPIClient: 77df755d41d70ee5a99b7b752614fbb439f19438
  GRKArrayDiff: d24cb2d9694985b7032dee96d0d55b917d7b400c
  GTMAppAuth: 8d724be29ab8f2f6d35b2bf929d76340c9d1f1b1
  GTMSessionFetcher: 390ea358e5a0d0133153806f744662dad933d06b
  HockeySDK: 38b7e2726af1ea86ae97ce4b5de33ab0817e3500
  HockeySDK-tvOS: 6b2a69f86419ebaf23225f59a64e5761ed3a0d8a
  InAppSettingsKit: 76d5cfbaa3e3f8aa53fe3628516da7eb1aa6a5cb
  MediaLibraryKit-prod: 095dce5faa59e2bb0a537646ac09fe57eaf3fbdf
  MetaDataFetcherKit: 44c90defa89b3a72cef60e07ad9de37821dd7c5d
  MobileVLCKit: a9e06de53e7a7fd43d7b04bcab4f2e68868f768a
  NSData+Base64: 4e84902c4db907a15673474677e57763ef3903e4
  ObjectiveDropboxOfficial: e11cdf40e8965a6c24c6d6ff64905f2df43ab653
  OBSlider: 490f108007bfdd5414a38650b211fe403a95b8a0
  OROpenSubtitleDownloader: 154b8c08acbf8836b77ac259018dc8b5baef907e
  PAPasscode: b408fb87c530cad58a554e26482e87dbb14b7bc2
  RESideMenu: f24c508404b49c667344c54aba7e590883533958
  TVVLCKit: 178e4f82f8b57320774821384e42eaac403d2faa
  upnpx: c695b99229e08154d23abe5c252cb64f1600f35d
  VLC-LiveSDK: c9566a9edde968f969138f84cfd40b540a109b3f
  VLC-LXReorderableCollectionViewFlowLayout: 0204946967b746ca183835e854826290be06e2f4
  VLC-WhiteRaccoon: 1e7e59b0568959135a89d09c416d1e11a5d9a986
  XKKeychain: 852ef663c56a7194c73d3c68e8d9d4f07b121d4f
  xmlrpc: 109bb21d15ed6d108b2c1ac5973a6a223a50f5f4

PODFILE CHECKSUM: bebe185b6b62c65a2919fba6bcabdfded8cf7a87

COCOAPODS: 1.4.0
