// !$*UTF8*$!
{
	archiveVersion = 1;
	classes = {
	};
	objectVersion = 46;
	objects = {

/* Begin PBXBuildFile section */
		7D94FCDF16DE7D1000F2623B /* UIKit.framework in Frameworks */ = {isa = PBXBuildFile; fileRef = 7D94FCDE16DE7D1000F2623B /* UIKit.framework */; };
		7D94FCE116DE7D1000F2623B /* Foundation.framework in Frameworks */ = {isa = PBXBuildFile; fileRef = 7D94FCE016DE7D1000F2623B /* Foundation.framework */; };
		7D94FCE316DE7D1000F2623B /* CoreGraphics.framework in Frameworks */ = {isa = PBXBuildFile; fileRef = 7D94FCE216DE7D1000F2623B /* CoreGraphics.framework */; };
		7D94FCEB16DE7D1000F2623B /* main.m in Sources */ = {isa = PBXBuildFile; fileRef = 7D94FCEA16DE7D1000F2623B /* main.m */; };
		7D94FCEF16DE7D1000F2623B /* VLCAppDelegate.m in Sources */ = {isa = PBXBuildFile; fileRef = 7D94FCEE16DE7D1000F2623B /* VLCAppDelegate.m */; };
		7D94FCF816DE7D1100F2623B /* VLCPlaylistViewController.m in Sources */ = {isa = PBXBuildFile; fileRef = 7D94FCF716DE7D1100F2623B /* VLCPlaylistViewController.m */; };
		7D94FCFB16DE7D1100F2623B /* VLCMovieViewController.m in Sources */ = {isa = PBXBuildFile; fileRef = 7D94FCFA16DE7D1100F2623B /* VLCMovieViewController.m */; };
		7DA6209B170A0CE500643D11 /* VLCPlaylistTableViewCell.m in Sources */ = {isa = PBXBuildFile; fileRef = 7DA6209A170A0CE500643D11 /* VLCPlaylistTableViewCell.m */; };
		7DADC55F1704FABF001DAC63 /* OBSlider.m in Sources */ = {isa = PBXBuildFile; fileRef = 7DADC55E1704FABF001DAC63 /* OBSlider.m */; };
		A7924696170F0BA90036AAF2 /* libMediaLibraryKit.a in Frameworks */ = {isa = PBXBuildFile; fileRef = A7924695170F0BA90036AAF2 /* libMediaLibraryKit.a */; };
		A79246A7170F0ED20036AAF2 /* Default-568h@2x.png in Resources */ = {isa = PBXBuildFile; fileRef = A7924698170F0ED20036AAF2 /* Default-568h@2x.png */; };
		A79246A8170F0ED20036AAF2 /* Default.png in Resources */ = {isa = PBXBuildFile; fileRef = A7924699170F0ED20036AAF2 /* Default.png */; };
		A79246A9170F0ED20036AAF2 /* Default@2x.png in Resources */ = {isa = PBXBuildFile; fileRef = A792469A170F0ED20036AAF2 /* Default@2x.png */; };
		A79246C1170F114E0036AAF2 /* VLCMovieViewController~ipad.xib in Resources */ = {isa = PBXBuildFile; fileRef = A79246BC170F114E0036AAF2 /* VLCMovieViewController~ipad.xib */; };
		A79246C2170F114E0036AAF2 /* VLCMovieViewController~iphone.xib in Resources */ = {isa = PBXBuildFile; fileRef = A79246BD170F114E0036AAF2 /* VLCMovieViewController~iphone.xib */; };
		A79246C3170F114E0036AAF2 /* VLCPlaylistTableViewCell.xib in Resources */ = {isa = PBXBuildFile; fileRef = A79246BE170F114E0036AAF2 /* VLCPlaylistTableViewCell.xib */; };
		A79246C4170F114E0036AAF2 /* VLCPlaylistViewController~ipad.xib in Resources */ = {isa = PBXBuildFile; fileRef = A79246BF170F114E0036AAF2 /* VLCPlaylistViewController~ipad.xib */; };
		A79246C5170F114E0036AAF2 /* VLCPlaylistViewController~iphone.xib in Resources */ = {isa = PBXBuildFile; fileRef = A79246C0170F114E0036AAF2 /* VLCPlaylistViewController~iphone.xib */; };
		CC1BBC3F1704934300A20CBF /* libMobileVLCKit.a in Frameworks */ = {isa = PBXBuildFile; fileRef = CC1BBC3E1704934200A20CBF /* libMobileVLCKit.a */; };
		CC1BBC431704935E00A20CBF /* MediaLibrary.mom in Resources */ = {isa = PBXBuildFile; fileRef = CC1BBC421704935E00A20CBF /* MediaLibrary.mom */; };
		CC1BBC461704938300A20CBF /* libiconv.dylib in Frameworks */ = {isa = PBXBuildFile; fileRef = CC1BBC451704938300A20CBF /* libiconv.dylib */; };
		CC1BBC481704938B00A20CBF /* libstdc++.dylib in Frameworks */ = {isa = PBXBuildFile; fileRef = CC1BBC471704938B00A20CBF /* libstdc++.dylib */; };
		CC1BBC4A1704939300A20CBF /* libz.dylib in Frameworks */ = {isa = PBXBuildFile; fileRef = CC1BBC491704939300A20CBF /* libz.dylib */; };
		CC1BBC4C1704939B00A20CBF /* libsqlite3.dylib in Frameworks */ = {isa = PBXBuildFile; fileRef = CC1BBC4B1704939B00A20CBF /* libsqlite3.dylib */; };
		CC1BBC4E170493A300A20CBF /* libbz2.dylib in Frameworks */ = {isa = PBXBuildFile; fileRef = CC1BBC4D170493A300A20CBF /* libbz2.dylib */; };
		CC1BBC50170493AA00A20CBF /* libxml2.dylib in Frameworks */ = {isa = PBXBuildFile; fileRef = CC1BBC4F170493AA00A20CBF /* libxml2.dylib */; };
		CC1BBC52170493B100A20CBF /* OpenGLES.framework in Frameworks */ = {isa = PBXBuildFile; fileRef = CC1BBC51170493B100A20CBF /* OpenGLES.framework */; };
		CC1BBC54170493B800A20CBF /* AudioToolbox.framework in Frameworks */ = {isa = PBXBuildFile; fileRef = CC1BBC53170493B800A20CBF /* AudioToolbox.framework */; };
		CC1BBC56170493C100A20CBF /* QuartzCore.framework in Frameworks */ = {isa = PBXBuildFile; fileRef = CC1BBC55170493C100A20CBF /* QuartzCore.framework */; };
		CC1BBC58170493E100A20CBF /* CoreData.framework in Frameworks */ = {isa = PBXBuildFile; fileRef = CC1BBC57170493E100A20CBF /* CoreData.framework */; };
/* End PBXBuildFile section */

/* Begin PBXFileReference section */
		7D94FCDB16DE7D1000F2623B /* AspenProject.app */ = {isa = PBXFileReference; explicitFileType = wrapper.application; includeInIndex = 0; path = AspenProject.app; sourceTree = BUILT_PRODUCTS_DIR; };
		7D94FCDE16DE7D1000F2623B /* UIKit.framework */ = {isa = PBXFileReference; lastKnownFileType = wrapper.framework; name = UIKit.framework; path = System/Library/Frameworks/UIKit.framework; sourceTree = SDKROOT; };
		7D94FCE016DE7D1000F2623B /* Foundation.framework */ = {isa = PBXFileReference; lastKnownFileType = wrapper.framework; name = Foundation.framework; path = System/Library/Frameworks/Foundation.framework; sourceTree = SDKROOT; };
		7D94FCE216DE7D1000F2623B /* CoreGraphics.framework */ = {isa = PBXFileReference; lastKnownFileType = wrapper.framework; name = CoreGraphics.framework; path = System/Library/Frameworks/CoreGraphics.framework; sourceTree = SDKROOT; };
		7D94FCE616DE7D1000F2623B /* AspenProject-Info.plist */ = {isa = PBXFileReference; lastKnownFileType = text.plist.xml; path = "AspenProject-Info.plist"; sourceTree = "<group>"; };
		7D94FCEA16DE7D1000F2623B /* main.m */ = {isa = PBXFileReference; lastKnownFileType = sourcecode.c.objc; path = main.m; sourceTree = "<group>"; };
		7D94FCEC16DE7D1000F2623B /* AspenProject-Prefix.pch */ = {isa = PBXFileReference; lastKnownFileType = sourcecode.c.h; path = "AspenProject-Prefix.pch"; sourceTree = "<group>"; };
		7D94FCED16DE7D1000F2623B /* VLCAppDelegate.h */ = {isa = PBXFileReference; lastKnownFileType = sourcecode.c.h; path = VLCAppDelegate.h; sourceTree = "<group>"; };
		7D94FCEE16DE7D1000F2623B /* VLCAppDelegate.m */ = {isa = PBXFileReference; lastKnownFileType = sourcecode.c.objc; path = VLCAppDelegate.m; sourceTree = "<group>"; };
		7D94FCF616DE7D1100F2623B /* VLCPlaylistViewController.h */ = {isa = PBXFileReference; lastKnownFileType = sourcecode.c.h; path = VLCPlaylistViewController.h; sourceTree = "<group>"; };
		7D94FCF716DE7D1100F2623B /* VLCPlaylistViewController.m */ = {isa = PBXFileReference; lastKnownFileType = sourcecode.c.objc; path = VLCPlaylistViewController.m; sourceTree = "<group>"; };
		7D94FCF916DE7D1100F2623B /* VLCMovieViewController.h */ = {isa = PBXFileReference; lastKnownFileType = sourcecode.c.h; path = VLCMovieViewController.h; sourceTree = "<group>"; };
		7D94FCFA16DE7D1100F2623B /* VLCMovieViewController.m */ = {isa = PBXFileReference; lastKnownFileType = sourcecode.c.objc; path = VLCMovieViewController.m; sourceTree = "<group>"; };
		7DA62099170A0CE500643D11 /* VLCPlaylistTableViewCell.h */ = {isa = PBXFileReference; fileEncoding = 4; lastKnownFileType = sourcecode.c.h; path = VLCPlaylistTableViewCell.h; sourceTree = "<group>"; };
		7DA6209A170A0CE500643D11 /* VLCPlaylistTableViewCell.m */ = {isa = PBXFileReference; fileEncoding = 4; lastKnownFileType = sourcecode.c.objc; path = VLCPlaylistTableViewCell.m; sourceTree = "<group>"; };
		7DADC55D1704FABF001DAC63 /* OBSlider.h */ = {isa = PBXFileReference; fileEncoding = 4; lastKnownFileType = sourcecode.c.h; name = OBSlider.h; path = ImportedSources/OBSlider/OBSlider/OBSlider.h; sourceTree = SOURCE_ROOT; };
		7DADC55E1704FABF001DAC63 /* OBSlider.m */ = {isa = PBXFileReference; fileEncoding = 4; lastKnownFileType = sourcecode.c.objc; name = OBSlider.m; path = ImportedSources/OBSlider/OBSlider/OBSlider.m; sourceTree = SOURCE_ROOT; };
		A7924695170F0BA90036AAF2 /* libMediaLibraryKit.a */ = {isa = PBXFileReference; lastKnownFileType = archive.ar; name = libMediaLibraryKit.a; path = "ImportedSources/MediaLibraryKit/build/Release-iphonesimulator/libMediaLibraryKit.a"; sourceTree = "<group>"; };
		A7924698170F0ED20036AAF2 /* Default-568h@2x.png */ = {isa = PBXFileReference; lastKnownFileType = image.png; path = "Default-568h@2x.png"; sourceTree = "<group>"; };
		A7924699170F0ED20036AAF2 /* Default.png */ = {isa = PBXFileReference; lastKnownFileType = image.png; path = Default.png; sourceTree = "<group>"; };
		A792469A170F0ED20036AAF2 /* Default@2x.png */ = {isa = PBXFileReference; lastKnownFileType = image.png; path = "Default@2x.png"; sourceTree = "<group>"; };
		A79246BC170F114E0036AAF2 /* VLCMovieViewController~ipad.xib */ = {isa = PBXFileReference; fileEncoding = 4; lastKnownFileType = file.xib; name = "VLCMovieViewController~ipad.xib"; path = "Resources/VLCMovieViewController~ipad.xib"; sourceTree = SOURCE_ROOT; };
		A79246BD170F114E0036AAF2 /* VLCMovieViewController~iphone.xib */ = {isa = PBXFileReference; fileEncoding = 4; lastKnownFileType = file.xib; name = "VLCMovieViewController~iphone.xib"; path = "Resources/VLCMovieViewController~iphone.xib"; sourceTree = SOURCE_ROOT; };
		A79246BE170F114E0036AAF2 /* VLCPlaylistTableViewCell.xib */ = {isa = PBXFileReference; fileEncoding = 4; lastKnownFileType = file.xib; name = VLCPlaylistTableViewCell.xib; path = Resources/VLCPlaylistTableViewCell.xib; sourceTree = SOURCE_ROOT; };
		A79246BF170F114E0036AAF2 /* VLCPlaylistViewController~ipad.xib */ = {isa = PBXFileReference; fileEncoding = 4; lastKnownFileType = file.xib; name = "VLCPlaylistViewController~ipad.xib"; path = "Resources/VLCPlaylistViewController~ipad.xib"; sourceTree = SOURCE_ROOT; };
		A79246C0170F114E0036AAF2 /* VLCPlaylistViewController~iphone.xib */ = {isa = PBXFileReference; fileEncoding = 4; lastKnownFileType = file.xib; name = "VLCPlaylistViewController~iphone.xib"; path = "Resources/VLCPlaylistViewController~iphone.xib"; sourceTree = SOURCE_ROOT; };
		CC1BBC3E1704934200A20CBF /* libMobileVLCKit.a */ = {isa = PBXFileReference; lastKnownFileType = archive.ar; name = libMobileVLCKit.a; path = "ImportedSources/VLCKit/build/Release-iphonesimulator/libMobileVLCKit.a"; sourceTree = "<group>"; };
		CC1BBC421704935E00A20CBF /* MediaLibrary.mom */ = {isa = PBXFileReference; lastKnownFileType = file.bplist; name = MediaLibrary.mom; path = "ImportedSources/MediaLibraryKit/build/Release-iphonesimulator/MediaLibrary.mom"; sourceTree = "<group>"; };
		CC1BBC451704938300A20CBF /* libiconv.dylib */ = {isa = PBXFileReference; lastKnownFileType = "compiled.mach-o.dylib"; name = libiconv.dylib; path = usr/lib/libiconv.dylib; sourceTree = SDKROOT; };
		CC1BBC471704938B00A20CBF /* libstdc++.dylib */ = {isa = PBXFileReference; lastKnownFileType = "compiled.mach-o.dylib"; name = "libstdc++.dylib"; path = "usr/lib/libstdc++.dylib"; sourceTree = SDKROOT; };
		CC1BBC491704939300A20CBF /* libz.dylib */ = {isa = PBXFileReference; lastKnownFileType = "compiled.mach-o.dylib"; name = libz.dylib; path = usr/lib/libz.dylib; sourceTree = SDKROOT; };
		CC1BBC4B1704939B00A20CBF /* libsqlite3.dylib */ = {isa = PBXFileReference; lastKnownFileType = "compiled.mach-o.dylib"; name = libsqlite3.dylib; path = usr/lib/libsqlite3.dylib; sourceTree = SDKROOT; };
		CC1BBC4D170493A300A20CBF /* libbz2.dylib */ = {isa = PBXFileReference; lastKnownFileType = "compiled.mach-o.dylib"; name = libbz2.dylib; path = usr/lib/libbz2.dylib; sourceTree = SDKROOT; };
		CC1BBC4F170493AA00A20CBF /* libxml2.dylib */ = {isa = PBXFileReference; lastKnownFileType = "compiled.mach-o.dylib"; name = libxml2.dylib; path = usr/lib/libxml2.dylib; sourceTree = SDKROOT; };
		CC1BBC51170493B100A20CBF /* OpenGLES.framework */ = {isa = PBXFileReference; lastKnownFileType = wrapper.framework; name = OpenGLES.framework; path = System/Library/Frameworks/OpenGLES.framework; sourceTree = SDKROOT; };
		CC1BBC53170493B800A20CBF /* AudioToolbox.framework */ = {isa = PBXFileReference; lastKnownFileType = wrapper.framework; name = AudioToolbox.framework; path = System/Library/Frameworks/AudioToolbox.framework; sourceTree = SDKROOT; };
		CC1BBC55170493C100A20CBF /* QuartzCore.framework */ = {isa = PBXFileReference; lastKnownFileType = wrapper.framework; name = QuartzCore.framework; path = System/Library/Frameworks/QuartzCore.framework; sourceTree = SDKROOT; };
		CC1BBC57170493E100A20CBF /* CoreData.framework */ = {isa = PBXFileReference; lastKnownFileType = wrapper.framework; name = CoreData.framework; path = System/Library/Frameworks/CoreData.framework; sourceTree = SDKROOT; };
/* End PBXFileReference section */

/* Begin PBXFrameworksBuildPhase section */
		7D94FCD816DE7D1000F2623B /* Frameworks */ = {
			isa = PBXFrameworksBuildPhase;
			buildActionMask = 2147483647;
			files = (
				CC1BBC58170493E100A20CBF /* CoreData.framework in Frameworks */,
				CC1BBC56170493C100A20CBF /* QuartzCore.framework in Frameworks */,
				CC1BBC54170493B800A20CBF /* AudioToolbox.framework in Frameworks */,
				CC1BBC52170493B100A20CBF /* OpenGLES.framework in Frameworks */,
				CC1BBC50170493AA00A20CBF /* libxml2.dylib in Frameworks */,
				CC1BBC4E170493A300A20CBF /* libbz2.dylib in Frameworks */,
				CC1BBC4C1704939B00A20CBF /* libsqlite3.dylib in Frameworks */,
				CC1BBC4A1704939300A20CBF /* libz.dylib in Frameworks */,
				CC1BBC481704938B00A20CBF /* libstdc++.dylib in Frameworks */,
				CC1BBC461704938300A20CBF /* libiconv.dylib in Frameworks */,
				CC1BBC3F1704934300A20CBF /* libMobileVLCKit.a in Frameworks */,
				7D94FCDF16DE7D1000F2623B /* UIKit.framework in Frameworks */,
				7D94FCE116DE7D1000F2623B /* Foundation.framework in Frameworks */,
				7D94FCE316DE7D1000F2623B /* CoreGraphics.framework in Frameworks */,
				A7924696170F0BA90036AAF2 /* libMediaLibraryKit.a in Frameworks */,
			);
			runOnlyForDeploymentPostprocessing = 0;
		};
/* End PBXFrameworksBuildPhase section */

/* Begin PBXGroup section */
		7D94FCD216DE7D1000F2623B = {
			isa = PBXGroup;
			children = (
				7D94FCE416DE7D1000F2623B /* AspenProject */,
				CC1BBC441704936500A20CBF /* External VLC Libraries */,
				7D94FCDD16DE7D1000F2623B /* Frameworks */,
				7D94FCDC16DE7D1000F2623B /* Products */,
			);
			sourceTree = "<group>";
		};
		7D94FCDC16DE7D1000F2623B /* Products */ = {
			isa = PBXGroup;
			children = (
				7D94FCDB16DE7D1000F2623B /* AspenProject.app */,
			);
			name = Products;
			sourceTree = "<group>";
		};
		7D94FCDD16DE7D1000F2623B /* Frameworks */ = {
			isa = PBXGroup;
			children = (
				CC1BBC57170493E100A20CBF /* CoreData.framework */,
				CC1BBC55170493C100A20CBF /* QuartzCore.framework */,
				CC1BBC53170493B800A20CBF /* AudioToolbox.framework */,
				CC1BBC51170493B100A20CBF /* OpenGLES.framework */,
				CC1BBC4F170493AA00A20CBF /* libxml2.dylib */,
				CC1BBC4D170493A300A20CBF /* libbz2.dylib */,
				CC1BBC4B1704939B00A20CBF /* libsqlite3.dylib */,
				CC1BBC491704939300A20CBF /* libz.dylib */,
				CC1BBC471704938B00A20CBF /* libstdc++.dylib */,
				CC1BBC451704938300A20CBF /* libiconv.dylib */,
				7D94FCDE16DE7D1000F2623B /* UIKit.framework */,
				7D94FCE016DE7D1000F2623B /* Foundation.framework */,
				7D94FCE216DE7D1000F2623B /* CoreGraphics.framework */,
			);
			name = Frameworks;
			sourceTree = "<group>";
		};
		7D94FCE416DE7D1000F2623B /* AspenProject */ = {
			isa = PBXGroup;
			children = (
				7D94FCED16DE7D1000F2623B /* VLCAppDelegate.h */,
				7D94FCEE16DE7D1000F2623B /* VLCAppDelegate.m */,
				7D94FCF616DE7D1100F2623B /* VLCPlaylistViewController.h */,
				7D94FCF716DE7D1100F2623B /* VLCPlaylistViewController.m */,
				7D94FCF916DE7D1100F2623B /* VLCMovieViewController.h */,
				7D94FCFA16DE7D1100F2623B /* VLCMovieViewController.m */,
				7DA62099170A0CE500643D11 /* VLCPlaylistTableViewCell.h */,
				7DA6209A170A0CE500643D11 /* VLCPlaylistTableViewCell.m */,
				7DADC5601704FACC001DAC63 /* Imported */,
				7DADC55C1704FAA8001DAC63 /* XIBs */,
				A7924697170F0ED20036AAF2 /* Resources */,
				7D94FCE516DE7D1000F2623B /* Supporting Files */,
			);
			path = AspenProject;
			sourceTree = "<group>";
		};
		7D94FCE516DE7D1000F2623B /* Supporting Files */ = {
			isa = PBXGroup;
			children = (
				7D94FCE616DE7D1000F2623B /* AspenProject-Info.plist */,
				7D94FCEA16DE7D1000F2623B /* main.m */,
				7D94FCEC16DE7D1000F2623B /* AspenProject-Prefix.pch */,
			);
			name = "Supporting Files";
			sourceTree = "<group>";
		};
		7DADC55C1704FAA8001DAC63 /* XIBs */ = {
			isa = PBXGroup;
			children = (
				A79246BC170F114E0036AAF2 /* VLCMovieViewController~ipad.xib */,
				A79246BD170F114E0036AAF2 /* VLCMovieViewController~iphone.xib */,
				A79246BE170F114E0036AAF2 /* VLCPlaylistTableViewCell.xib */,
				A79246BF170F114E0036AAF2 /* VLCPlaylistViewController~ipad.xib */,
				A79246C0170F114E0036AAF2 /* VLCPlaylistViewController~iphone.xib */,
			);
			name = XIBs;
			sourceTree = "<group>";
		};
		7DADC5601704FACC001DAC63 /* Imported */ = {
			isa = PBXGroup;
			children = (
				7DADC55D1704FABF001DAC63 /* OBSlider.h */,
				7DADC55E1704FABF001DAC63 /* OBSlider.m */,
			);
			name = Imported;
			sourceTree = "<group>";
		};
		A7924697170F0ED20036AAF2 /* Resources */ = {
			isa = PBXGroup;
			children = (
				A7924698170F0ED20036AAF2 /* Default-568h@2x.png */,
				A7924699170F0ED20036AAF2 /* Default.png */,
				A792469A170F0ED20036AAF2 /* Default@2x.png */,
			);
			path = Resources;
			sourceTree = SOURCE_ROOT;
		};
		CC1BBC441704936500A20CBF /* External VLC Libraries */ = {
			isa = PBXGroup;
			children = (
				A7924695170F0BA90036AAF2 /* libMediaLibraryKit.a */,
				CC1BBC421704935E00A20CBF /* MediaLibrary.mom */,
				CC1BBC3E1704934200A20CBF /* libMobileVLCKit.a */,
			);
			name = "External VLC Libraries";
			sourceTree = "<group>";
		};
/* End PBXGroup section */

/* Begin PBXNativeTarget section */
		7D94FCDA16DE7D1000F2623B /* AspenProject */ = {
			isa = PBXNativeTarget;
			buildConfigurationList = 7D94FD0A16DE7D1100F2623B /* Build configuration list for PBXNativeTarget "AspenProject" */;
			buildPhases = (
				7D94FCD716DE7D1000F2623B /* Sources */,
				7D94FCD816DE7D1000F2623B /* Frameworks */,
				7D94FCD916DE7D1000F2623B /* Resources */,
			);
			buildRules = (
			);
			dependencies = (
			);
			name = AspenProject;
			productName = AspenProject;
			productReference = 7D94FCDB16DE7D1000F2623B /* AspenProject.app */;
			productType = "com.apple.product-type.application";
		};
/* End PBXNativeTarget section */

/* Begin PBXProject section */
		7D94FCD316DE7D1000F2623B /* Project object */ = {
			isa = PBXProject;
			attributes = {
				CLASSPREFIX = VLC;
				LastUpgradeCheck = 0460;
				ORGANIZATIONNAME = VideoLAN;
			};
			buildConfigurationList = 7D94FCD616DE7D1000F2623B /* Build configuration list for PBXProject "AspenProject" */;
			compatibilityVersion = "Xcode 3.2";
			developmentRegion = English;
			hasScannedForEncodings = 0;
			knownRegions = (
				en,
			);
			mainGroup = 7D94FCD216DE7D1000F2623B;
			productRefGroup = 7D94FCDC16DE7D1000F2623B /* Products */;
			projectDirPath = "";
			projectRoot = "";
			targets = (
				7D94FCDA16DE7D1000F2623B /* AspenProject */,
			);
		};
/* End PBXProject section */

/* Begin PBXResourcesBuildPhase section */
		7D94FCD916DE7D1000F2623B /* Resources */ = {
			isa = PBXResourcesBuildPhase;
			buildActionMask = 2147483647;
			files = (
				CC1BBC431704935E00A20CBF /* MediaLibrary.mom in Resources */,
				A79246A7170F0ED20036AAF2 /* Default-568h@2x.png in Resources */,
				A79246A8170F0ED20036AAF2 /* Default.png in Resources */,
				A79246A9170F0ED20036AAF2 /* Default@2x.png in Resources */,
				A79246C1170F114E0036AAF2 /* VLCMovieViewController~ipad.xib in Resources */,
				A79246C2170F114E0036AAF2 /* VLCMovieViewController~iphone.xib in Resources */,
				A79246C3170F114E0036AAF2 /* VLCPlaylistTableViewCell.xib in Resources */,
				A79246C4170F114E0036AAF2 /* VLCPlaylistViewController~ipad.xib in Resources */,
				A79246C5170F114E0036AAF2 /* VLCPlaylistViewController~iphone.xib in Resources */,
			);
			runOnlyForDeploymentPostprocessing = 0;
		};
/* End PBXResourcesBuildPhase section */

/* Begin PBXSourcesBuildPhase section */
		7D94FCD716DE7D1000F2623B /* Sources */ = {
			isa = PBXSourcesBuildPhase;
			buildActionMask = 2147483647;
			files = (
				7D94FCEB16DE7D1000F2623B /* main.m in Sources */,
				7D94FCEF16DE7D1000F2623B /* VLCAppDelegate.m in Sources */,
				7D94FCF816DE7D1100F2623B /* VLCPlaylistViewController.m in Sources */,
				7D94FCFB16DE7D1100F2623B /* VLCMovieViewController.m in Sources */,
				7DADC55F1704FABF001DAC63 /* OBSlider.m in Sources */,
				7DA6209B170A0CE500643D11 /* VLCPlaylistTableViewCell.m in Sources */,
			);
			runOnlyForDeploymentPostprocessing = 0;
		};
/* End PBXSourcesBuildPhase section */

/* Begin XCBuildConfiguration section */
		7D94FD0816DE7D1100F2623B /* Debug */ = {
			isa = XCBuildConfiguration;
			buildSettings = {
				ALWAYS_SEARCH_USER_PATHS = NO;
				CLANG_CXX_LANGUAGE_STANDARD = "gnu++0x";
				CLANG_CXX_LIBRARY = "libc++";
				CLANG_WARN_CONSTANT_CONVERSION = YES;
				CLANG_WARN_EMPTY_BODY = YES;
				CLANG_WARN_ENUM_CONVERSION = YES;
				CLANG_WARN_INT_CONVERSION = YES;
				CLANG_WARN__DUPLICATE_METHOD_MATCH = YES;
				"CODE_SIGN_IDENTITY[sdk=iphoneos*]" = "iPhone Developer";
				COPY_PHASE_STRIP = NO;
				GCC_C_LANGUAGE_STANDARD = gnu99;
				GCC_DYNAMIC_NO_PIC = NO;
				GCC_OPTIMIZATION_LEVEL = 0;
				GCC_PREPROCESSOR_DEFINITIONS = (
					"DEBUG=1",
					"$(inherited)",
				);
				GCC_SYMBOLS_PRIVATE_EXTERN = NO;
				GCC_WARN_ABOUT_RETURN_TYPE = YES;
				GCC_WARN_UNINITIALIZED_AUTOS = YES;
				GCC_WARN_UNUSED_VARIABLE = YES;
				IPHONEOS_DEPLOYMENT_TARGET = 6.1;
				ONLY_ACTIVE_ARCH = YES;
				SDKROOT = iphoneos;
				TARGETED_DEVICE_FAMILY = "1,2";
			};
			name = Debug;
		};
		7D94FD0916DE7D1100F2623B /* Release */ = {
			isa = XCBuildConfiguration;
			buildSettings = {
				ALWAYS_SEARCH_USER_PATHS = NO;
				CLANG_CXX_LANGUAGE_STANDARD = "gnu++0x";
				CLANG_CXX_LIBRARY = "libc++";
				CLANG_WARN_CONSTANT_CONVERSION = YES;
				CLANG_WARN_EMPTY_BODY = YES;
				CLANG_WARN_ENUM_CONVERSION = YES;
				CLANG_WARN_INT_CONVERSION = YES;
				CLANG_WARN__DUPLICATE_METHOD_MATCH = YES;
				"CODE_SIGN_IDENTITY[sdk=iphoneos*]" = "iPhone Developer";
				COPY_PHASE_STRIP = YES;
				GCC_C_LANGUAGE_STANDARD = gnu99;
				GCC_WARN_ABOUT_RETURN_TYPE = YES;
				GCC_WARN_UNINITIALIZED_AUTOS = YES;
				GCC_WARN_UNUSED_VARIABLE = YES;
				IPHONEOS_DEPLOYMENT_TARGET = 6.1;
				OTHER_CFLAGS = "-DNS_BLOCK_ASSERTIONS=1";
				SDKROOT = iphoneos;
				TARGETED_DEVICE_FAMILY = "1,2";
				VALIDATE_PRODUCT = YES;
			};
			name = Release;
		};
		7D94FD0B16DE7D1100F2623B /* Debug */ = {
			isa = XCBuildConfiguration;
			buildSettings = {
				COPY_PHASE_STRIP = NO;
				DEAD_CODE_STRIPPING = NO;
				GCC_C_LANGUAGE_STANDARD = c99;
				GCC_OPTIMIZATION_LEVEL = 3;
				GCC_PRECOMPILE_PREFIX_HEADER = YES;
				GCC_PREFIX_HEADER = "AspenProject/AspenProject-Prefix.pch";
				HEADER_SEARCH_PATHS = (
					"$(SRCROOT)/External/MobileVLCKit/include",
					"$(SRCROOT)/External/MediaLibraryKit/include",
				);
				INFOPLIST_FILE = "AspenProject/AspenProject-Info.plist";
				IPHONEOS_DEPLOYMENT_TARGET = 5.1;
				LIBRARY_SEARCH_PATHS = (
					"$(inherited)",
					"\"$(SRCROOT)/External/MediaLibraryKit\"",
					"\"$(SRCROOT)/External/MobileVLCKit\"",
					"\"$(SRCROOT)/ImportedSources/VLCKit/build/Release-iphonesimulator\"",
					"\"$(SRCROOT)/ImportedSources/MediaLibraryKit/build/Release-iphonesimulator\"",
				);
				OTHER_LDFLAGS = "-Wl,-no_pie";
				PRODUCT_NAME = "$(TARGET_NAME)";
				WRAPPER_EXTENSION = app;
			};
			name = Debug;
		};
		7D94FD0C16DE7D1100F2623B /* Release */ = {
			isa = XCBuildConfiguration;
			buildSettings = {
				COPY_PHASE_STRIP = NO;
				DEAD_CODE_STRIPPING = NO;
				GCC_C_LANGUAGE_STANDARD = c99;
				GCC_OPTIMIZATION_LEVEL = 3;
				GCC_PRECOMPILE_PREFIX_HEADER = YES;
				GCC_PREFIX_HEADER = "AspenProject/AspenProject-Prefix.pch";
				HEADER_SEARCH_PATHS = (
					"$(SRCROOT)/External/MobileVLCKit/include",
					"$(SRCROOT)/External/MediaLibraryKit/include",
				);
				INFOPLIST_FILE = "AspenProject/AspenProject-Info.plist";
				IPHONEOS_DEPLOYMENT_TARGET = 5.1;
				LIBRARY_SEARCH_PATHS = (
					"$(inherited)",
					"\"$(SRCROOT)/External/MediaLibraryKit\"",
					"\"$(SRCROOT)/External/MobileVLCKit\"",
					"\"$(SRCROOT)/ImportedSources/VLCKit/build/Release-iphonesimulator\"",
					"\"$(SRCROOT)/ImportedSources/MediaLibraryKit/build/Release-iphonesimulator\"",
				);
				OTHER_LDFLAGS = "-Wl,-no_pie";
				PRODUCT_NAME = "$(TARGET_NAME)";
				WRAPPER_EXTENSION = app;
			};
			name = Release;
		};
/* End XCBuildConfiguration section */

/* Begin XCConfigurationList section */
		7D94FCD616DE7D1000F2623B /* Build configuration list for PBXProject "AspenProject" */ = {
			isa = XCConfigurationList;
			buildConfigurations = (
				7D94FD0816DE7D1100F2623B /* Debug */,
				7D94FD0916DE7D1100F2623B /* Release */,
			);
			defaultConfigurationIsVisible = 0;
			defaultConfigurationName = Release;
		};
		7D94FD0A16DE7D1100F2623B /* Build configuration list for PBXNativeTarget "AspenProject" */ = {
			isa = XCConfigurationList;
			buildConfigurations = (
				7D94FD0B16DE7D1100F2623B /* Debug */,
				7D94FD0C16DE7D1100F2623B /* Release */,
			);
			defaultConfigurationIsVisible = 0;
			defaultConfigurationName = Release;
		};
/* End XCConfigurationList section */
	};
	rootObject = 7D94FCD316DE7D1000F2623B /* Project object */;
}
