// !$*UTF8*$!
{
	archiveVersion = 1;
	classes = {
	};
	objectVersion = 46;
	objects = {

/* Begin PBXBuildFile section */
		7D33D41617182615008AF0E0 /* VLCMovieViewController~ipad.xib in Resources */ = {isa = PBXBuildFile; fileRef = 7D33D41517182615008AF0E0 /* VLCMovieViewController~ipad.xib */; };
		7D6B07BC1716C9B8003280C4 /* AQGridView.m in Sources */ = {isa = PBXBuildFile; fileRef = 7D6B07A61716C9B8003280C4 /* AQGridView.m */; };
		7D6B07BD1716C9B8003280C4 /* AQGridViewAnimatorItem.m in Sources */ = {isa = PBXBuildFile; fileRef = 7D6B07AA1716C9B8003280C4 /* AQGridViewAnimatorItem.m */; };
		7D6B07BE1716C9B8003280C4 /* AQGridViewCell.m in Sources */ = {isa = PBXBuildFile; fileRef = 7D6B07AC1716C9B8003280C4 /* AQGridViewCell.m */; };
		7D6B07BF1716C9B8003280C4 /* AQGridViewController.m in Sources */ = {isa = PBXBuildFile; fileRef = 7D6B07AF1716C9B8003280C4 /* AQGridViewController.m */; };
		7D6B07C01716C9B8003280C4 /* AQGridViewData.m in Sources */ = {isa = PBXBuildFile; fileRef = 7D6B07B11716C9B8003280C4 /* AQGridViewData.m */; };
		7D6B07C11716C9B8003280C4 /* AQGridViewUpdateInfo.m in Sources */ = {isa = PBXBuildFile; fileRef = 7D6B07B31716C9B8003280C4 /* AQGridViewUpdateInfo.m */; };
		7D6B07C21716C9B8003280C4 /* AQGridViewUpdateItem.m in Sources */ = {isa = PBXBuildFile; fileRef = 7D6B07B51716C9B8003280C4 /* AQGridViewUpdateItem.m */; };
		7D6B07C31716C9B8003280C4 /* NSIndexSet+AQIndexesOutsideSet.m in Sources */ = {isa = PBXBuildFile; fileRef = 7D6B07B71716C9B8003280C4 /* NSIndexSet+AQIndexesOutsideSet.m */; };
		7D6B07C41716C9B8003280C4 /* NSIndexSet+AQIsSetContiguous.m in Sources */ = {isa = PBXBuildFile; fileRef = 7D6B07B91716C9B8003280C4 /* NSIndexSet+AQIsSetContiguous.m */; };
		7D6B07C51716C9B8003280C4 /* UIColor+AQGridView.m in Sources */ = {isa = PBXBuildFile; fileRef = 7D6B07BB1716C9B8003280C4 /* UIColor+AQGridView.m */; };
		7D6B07F71716D45C003280C4 /* VLCPlaylistGridViewCell.m in Sources */ = {isa = PBXBuildFile; fileRef = 7D6B07F61716D45B003280C4 /* VLCPlaylistGridViewCell.m */; };
		7D94FCDF16DE7D1000F2623B /* UIKit.framework in Frameworks */ = {isa = PBXBuildFile; fileRef = 7D94FCDE16DE7D1000F2623B /* UIKit.framework */; };
		7D94FCE116DE7D1000F2623B /* Foundation.framework in Frameworks */ = {isa = PBXBuildFile; fileRef = 7D94FCE016DE7D1000F2623B /* Foundation.framework */; };
		7D94FCE316DE7D1000F2623B /* CoreGraphics.framework in Frameworks */ = {isa = PBXBuildFile; fileRef = 7D94FCE216DE7D1000F2623B /* CoreGraphics.framework */; };
		7D94FCEB16DE7D1000F2623B /* main.m in Sources */ = {isa = PBXBuildFile; fileRef = 7D94FCEA16DE7D1000F2623B /* main.m */; };
		7D94FCEF16DE7D1000F2623B /* VLCAppDelegate.m in Sources */ = {isa = PBXBuildFile; fileRef = 7D94FCEE16DE7D1000F2623B /* VLCAppDelegate.m */; };
		7D94FCF816DE7D1100F2623B /* VLCPlaylistViewController.m in Sources */ = {isa = PBXBuildFile; fileRef = 7D94FCF716DE7D1100F2623B /* VLCPlaylistViewController.m */; };
		7D94FCFB16DE7D1100F2623B /* VLCMovieViewController.m in Sources */ = {isa = PBXBuildFile; fileRef = 7D94FCFA16DE7D1100F2623B /* VLCMovieViewController.m */; };
		7D9529531732EFCA006F5B40 /* VLCAboutViewController~ipad.xib in Resources */ = {isa = PBXBuildFile; fileRef = 7D9529521732EFCA006F5B40 /* VLCAboutViewController~ipad.xib */; };
		7DA6209B170A0CE500643D11 /* VLCPlaylistTableViewCell.m in Sources */ = {isa = PBXBuildFile; fileRef = 7DA6209A170A0CE500643D11 /* VLCPlaylistTableViewCell.m */; };
		7DA8B0FB173318E80029698C /* SourceCodePro-Regular.ttf in Resources */ = {isa = PBXBuildFile; fileRef = 7DA8B0F9173318E80029698C /* SourceCodePro-Regular.ttf */; };
		7DA8B0FC173318E80029698C /* SourceSansPro-Regular.ttf in Resources */ = {isa = PBXBuildFile; fileRef = 7DA8B0FA173318E80029698C /* SourceSansPro-Regular.ttf */; };
		7DADC55F1704FABF001DAC63 /* OBSlider.m in Sources */ = {isa = PBXBuildFile; fileRef = 7DADC55E1704FABF001DAC63 /* OBSlider.m */; };
		7DBC3B311711DB1E00DCF688 /* Aspen.png in Resources */ = {isa = PBXBuildFile; fileRef = 7DBC3B301711DB1E00DCF688 /* Aspen.png */; };
		7DBC3B351711DC1200DCF688 /* Aspen72.png in Resources */ = {isa = PBXBuildFile; fileRef = 7DBC3B341711DC1200DCF688 /* Aspen72.png */; };
		7DBC3B371711DCAB00DCF688 /* Aspen144.png in Resources */ = {isa = PBXBuildFile; fileRef = 7DBC3B361711DCAB00DCF688 /* Aspen144.png */; };
		7DBC3B391711DD0200DCF688 /* Aspen114.png in Resources */ = {isa = PBXBuildFile; fileRef = 7DBC3B381711DD0200DCF688 /* Aspen114.png */; };
		7DBC3B3B1711DD0900DCF688 /* Aspen57.png in Resources */ = {isa = PBXBuildFile; fileRef = 7DBC3B3A1711DD0900DCF688 /* Aspen57.png */; };
		7DBC3B441711FC6C00DCF688 /* VLCAboutViewController.m in Sources */ = {isa = PBXBuildFile; fileRef = 7DBC3B421711FC6C00DCF688 /* VLCAboutViewController.m */; };
		7DBC3B451711FC6C00DCF688 /* VLCAboutViewController~iphone.xib in Resources */ = {isa = PBXBuildFile; fileRef = 7DBC3B431711FC6C00DCF688 /* VLCAboutViewController~iphone.xib */; };
		7DBC3B49171204ED00DCF688 /* About Contents.txt in Resources */ = {isa = PBXBuildFile; fileRef = 7DBC3B48171204EC00DCF688 /* About Contents.txt */; };
		7DC87AEE17412A1F009DC250 /* VLCLinearProgressIndicator.m in Sources */ = {isa = PBXBuildFile; fileRef = 7DC87AED17412A1F009DC250 /* VLCLinearProgressIndicator.m */; };
		7DDD0429172D98E5005A7B10 /* CFNetwork.framework in Frameworks */ = {isa = PBXBuildFile; fileRef = 7DDD0428172D98E5005A7B10 /* CFNetwork.framework */; };
		7DE480D1173FEA30003613E0 /* VLCCircularProgressIndicator.m in Sources */ = {isa = PBXBuildFile; fileRef = 7DE480D0173FEA30003613E0 /* VLCCircularProgressIndicator.m */; };
		A7924696170F0BA90036AAF2 /* libMediaLibraryKit.a in Frameworks */ = {isa = PBXBuildFile; fileRef = A7924695170F0BA90036AAF2 /* libMediaLibraryKit.a */; };
		A79246A7170F0ED20036AAF2 /* Default-568h@2x.png in Resources */ = {isa = PBXBuildFile; fileRef = A7924698170F0ED20036AAF2 /* Default-568h@2x.png */; };
		A79246A8170F0ED20036AAF2 /* Default.png in Resources */ = {isa = PBXBuildFile; fileRef = A7924699170F0ED20036AAF2 /* Default.png */; };
		A79246A9170F0ED20036AAF2 /* Default@2x.png in Resources */ = {isa = PBXBuildFile; fileRef = A792469A170F0ED20036AAF2 /* Default@2x.png */; };
		A79246C1170F114E0036AAF2 /* VLCPlaylistViewController~ipad.xib in Resources */ = {isa = PBXBuildFile; fileRef = A79246BC170F114E0036AAF2 /* VLCPlaylistViewController~ipad.xib */; };
		A79246C2170F114E0036AAF2 /* VLCMovieViewController~iphone.xib in Resources */ = {isa = PBXBuildFile; fileRef = A79246BD170F114E0036AAF2 /* VLCMovieViewController~iphone.xib */; };
		A79246C3170F114E0036AAF2 /* VLCPlaylistTableViewCell.xib in Resources */ = {isa = PBXBuildFile; fileRef = A79246BE170F114E0036AAF2 /* VLCPlaylistTableViewCell.xib */; };
		A79246C5170F114E0036AAF2 /* VLCPlaylistViewController~iphone.xib in Resources */ = {isa = PBXBuildFile; fileRef = A79246C0170F114E0036AAF2 /* VLCPlaylistViewController~iphone.xib */; };
		A79246C8170F11DF0036AAF2 /* Localizable.strings in Resources */ = {isa = PBXBuildFile; fileRef = A79246C6170F11DF0036AAF2 /* Localizable.strings */; };
		A7CB0DB11716F72600050CF3 /* PlayingExternally@2x~iphone.png in Resources */ = {isa = PBXBuildFile; fileRef = A7CB0DAD1716F72600050CF3 /* PlayingExternally@2x~iphone.png */; };
		A7CB0DB21716F72600050CF3 /* PlayingExternally~iphone.png in Resources */ = {isa = PBXBuildFile; fileRef = A7CB0DAE1716F72600050CF3 /* PlayingExternally~iphone.png */; };
		A7CB0DB31716F72600050CF3 /* PlayingExternally~ipad.png in Resources */ = {isa = PBXBuildFile; fileRef = A7CB0DAF1716F72600050CF3 /* PlayingExternally~ipad.png */; };
		A7CB0DB41716F72600050CF3 /* PlayingExternally@2x~ipad.png in Resources */ = {isa = PBXBuildFile; fileRef = A7CB0DB01716F72600050CF3 /* PlayingExternally@2x~ipad.png */; };
		A7DA16D1171083DF00D6FED9 /* VLCExternalDisplayController.m in Sources */ = {isa = PBXBuildFile; fileRef = A7DA16D0171083DF00D6FED9 /* VLCExternalDisplayController.m */; };
		CC1BBC3F1704934300A20CBF /* libMobileVLCKit.a in Frameworks */ = {isa = PBXBuildFile; fileRef = CC1BBC3E1704934200A20CBF /* libMobileVLCKit.a */; };
		CC1BBC431704935E00A20CBF /* MediaLibrary.mom in Resources */ = {isa = PBXBuildFile; fileRef = CC1BBC421704935E00A20CBF /* MediaLibrary.mom */; };
		CC1BBC461704938300A20CBF /* libiconv.dylib in Frameworks */ = {isa = PBXBuildFile; fileRef = CC1BBC451704938300A20CBF /* libiconv.dylib */; };
		CC1BBC481704938B00A20CBF /* libstdc++.dylib in Frameworks */ = {isa = PBXBuildFile; fileRef = CC1BBC471704938B00A20CBF /* libstdc++.dylib */; };
		CC1BBC4C1704939B00A20CBF /* libsqlite3.dylib in Frameworks */ = {isa = PBXBuildFile; fileRef = CC1BBC4B1704939B00A20CBF /* libsqlite3.dylib */; };
		CC1BBC4E170493A300A20CBF /* libbz2.dylib in Frameworks */ = {isa = PBXBuildFile; fileRef = CC1BBC4D170493A300A20CBF /* libbz2.dylib */; };
		CC1BBC50170493AA00A20CBF /* libxml2.dylib in Frameworks */ = {isa = PBXBuildFile; fileRef = CC1BBC4F170493AA00A20CBF /* libxml2.dylib */; };
		CC1BBC52170493B100A20CBF /* OpenGLES.framework in Frameworks */ = {isa = PBXBuildFile; fileRef = CC1BBC51170493B100A20CBF /* OpenGLES.framework */; };
		CC1BBC54170493B800A20CBF /* AudioToolbox.framework in Frameworks */ = {isa = PBXBuildFile; fileRef = CC1BBC53170493B800A20CBF /* AudioToolbox.framework */; };
		CC1BBC56170493C100A20CBF /* QuartzCore.framework in Frameworks */ = {isa = PBXBuildFile; fileRef = CC1BBC55170493C100A20CBF /* QuartzCore.framework */; };
		CC1BBC58170493E100A20CBF /* CoreData.framework in Frameworks */ = {isa = PBXBuildFile; fileRef = CC1BBC57170493E100A20CBF /* CoreData.framework */; };
/* End PBXBuildFile section */

/* Begin PBXFileReference section */
		7D33D41517182615008AF0E0 /* VLCMovieViewController~ipad.xib */ = {isa = PBXFileReference; fileEncoding = 4; lastKnownFileType = file.xib; name = "VLCMovieViewController~ipad.xib"; path = "Resources/VLCMovieViewController~ipad.xib"; sourceTree = SOURCE_ROOT; };
		7D6B07A51716C9B8003280C4 /* AQGridView.h */ = {isa = PBXFileReference; fileEncoding = 4; lastKnownFileType = sourcecode.c.h; name = AQGridView.h; path = ImportedSources/AQGridView/Classes/AQGridView.h; sourceTree = SOURCE_ROOT; };
		7D6B07A61716C9B8003280C4 /* AQGridView.m */ = {isa = PBXFileReference; fileEncoding = 4; lastKnownFileType = sourcecode.c.objc; name = AQGridView.m; path = ImportedSources/AQGridView/Classes/AQGridView.m; sourceTree = SOURCE_ROOT; };
		7D6B07A71716C9B8003280C4 /* AQGridView+CellLayout.h */ = {isa = PBXFileReference; fileEncoding = 4; lastKnownFileType = sourcecode.c.h; name = "AQGridView+CellLayout.h"; path = "ImportedSources/AQGridView/Classes/AQGridView+CellLayout.h"; sourceTree = SOURCE_ROOT; };
		7D6B07A81716C9B8003280C4 /* AQGridView+CellLocationDelegation.h */ = {isa = PBXFileReference; fileEncoding = 4; lastKnownFileType = sourcecode.c.h; name = "AQGridView+CellLocationDelegation.h"; path = "ImportedSources/AQGridView/Classes/AQGridView+CellLocationDelegation.h"; sourceTree = SOURCE_ROOT; };
		7D6B07A91716C9B8003280C4 /* AQGridViewAnimatorItem.h */ = {isa = PBXFileReference; fileEncoding = 4; lastKnownFileType = sourcecode.c.h; name = AQGridViewAnimatorItem.h; path = ImportedSources/AQGridView/Classes/AQGridViewAnimatorItem.h; sourceTree = SOURCE_ROOT; };
		7D6B07AA1716C9B8003280C4 /* AQGridViewAnimatorItem.m */ = {isa = PBXFileReference; fileEncoding = 4; lastKnownFileType = sourcecode.c.objc; name = AQGridViewAnimatorItem.m; path = ImportedSources/AQGridView/Classes/AQGridViewAnimatorItem.m; sourceTree = SOURCE_ROOT; };
		7D6B07AB1716C9B8003280C4 /* AQGridViewCell.h */ = {isa = PBXFileReference; fileEncoding = 4; lastKnownFileType = sourcecode.c.h; name = AQGridViewCell.h; path = ImportedSources/AQGridView/Classes/AQGridViewCell.h; sourceTree = SOURCE_ROOT; };
		7D6B07AC1716C9B8003280C4 /* AQGridViewCell.m */ = {isa = PBXFileReference; fileEncoding = 4; lastKnownFileType = sourcecode.c.objc; name = AQGridViewCell.m; path = ImportedSources/AQGridView/Classes/AQGridViewCell.m; sourceTree = SOURCE_ROOT; };
		7D6B07AD1716C9B8003280C4 /* AQGridViewCell+AQGridViewCellPrivate.h */ = {isa = PBXFileReference; fileEncoding = 4; lastKnownFileType = sourcecode.c.h; name = "AQGridViewCell+AQGridViewCellPrivate.h"; path = "ImportedSources/AQGridView/Classes/AQGridViewCell+AQGridViewCellPrivate.h"; sourceTree = SOURCE_ROOT; };
		7D6B07AE1716C9B8003280C4 /* AQGridViewController.h */ = {isa = PBXFileReference; fileEncoding = 4; lastKnownFileType = sourcecode.c.h; name = AQGridViewController.h; path = ImportedSources/AQGridView/Classes/AQGridViewController.h; sourceTree = SOURCE_ROOT; };
		7D6B07AF1716C9B8003280C4 /* AQGridViewController.m */ = {isa = PBXFileReference; fileEncoding = 4; lastKnownFileType = sourcecode.c.objc; name = AQGridViewController.m; path = ImportedSources/AQGridView/Classes/AQGridViewController.m; sourceTree = SOURCE_ROOT; };
		7D6B07B01716C9B8003280C4 /* AQGridViewData.h */ = {isa = PBXFileReference; fileEncoding = 4; lastKnownFileType = sourcecode.c.h; name = AQGridViewData.h; path = ImportedSources/AQGridView/Classes/AQGridViewData.h; sourceTree = SOURCE_ROOT; };
		7D6B07B11716C9B8003280C4 /* AQGridViewData.m */ = {isa = PBXFileReference; fileEncoding = 4; lastKnownFileType = sourcecode.c.objc; name = AQGridViewData.m; path = ImportedSources/AQGridView/Classes/AQGridViewData.m; sourceTree = SOURCE_ROOT; };
		7D6B07B21716C9B8003280C4 /* AQGridViewUpdateInfo.h */ = {isa = PBXFileReference; fileEncoding = 4; lastKnownFileType = sourcecode.c.h; name = AQGridViewUpdateInfo.h; path = ImportedSources/AQGridView/Classes/AQGridViewUpdateInfo.h; sourceTree = SOURCE_ROOT; };
		7D6B07B31716C9B8003280C4 /* AQGridViewUpdateInfo.m */ = {isa = PBXFileReference; fileEncoding = 4; lastKnownFileType = sourcecode.c.objc; name = AQGridViewUpdateInfo.m; path = ImportedSources/AQGridView/Classes/AQGridViewUpdateInfo.m; sourceTree = SOURCE_ROOT; };
		7D6B07B41716C9B8003280C4 /* AQGridViewUpdateItem.h */ = {isa = PBXFileReference; fileEncoding = 4; lastKnownFileType = sourcecode.c.h; name = AQGridViewUpdateItem.h; path = ImportedSources/AQGridView/Classes/AQGridViewUpdateItem.h; sourceTree = SOURCE_ROOT; };
		7D6B07B51716C9B8003280C4 /* AQGridViewUpdateItem.m */ = {isa = PBXFileReference; fileEncoding = 4; lastKnownFileType = sourcecode.c.objc; name = AQGridViewUpdateItem.m; path = ImportedSources/AQGridView/Classes/AQGridViewUpdateItem.m; sourceTree = SOURCE_ROOT; };
		7D6B07B61716C9B8003280C4 /* NSIndexSet+AQIndexesOutsideSet.h */ = {isa = PBXFileReference; fileEncoding = 4; lastKnownFileType = sourcecode.c.h; name = "NSIndexSet+AQIndexesOutsideSet.h"; path = "ImportedSources/AQGridView/Classes/NSIndexSet+AQIndexesOutsideSet.h"; sourceTree = SOURCE_ROOT; };
		7D6B07B71716C9B8003280C4 /* NSIndexSet+AQIndexesOutsideSet.m */ = {isa = PBXFileReference; fileEncoding = 4; lastKnownFileType = sourcecode.c.objc; name = "NSIndexSet+AQIndexesOutsideSet.m"; path = "ImportedSources/AQGridView/Classes/NSIndexSet+AQIndexesOutsideSet.m"; sourceTree = SOURCE_ROOT; };
		7D6B07B81716C9B8003280C4 /* NSIndexSet+AQIsSetContiguous.h */ = {isa = PBXFileReference; fileEncoding = 4; lastKnownFileType = sourcecode.c.h; name = "NSIndexSet+AQIsSetContiguous.h"; path = "ImportedSources/AQGridView/Classes/NSIndexSet+AQIsSetContiguous.h"; sourceTree = SOURCE_ROOT; };
		7D6B07B91716C9B8003280C4 /* NSIndexSet+AQIsSetContiguous.m */ = {isa = PBXFileReference; fileEncoding = 4; lastKnownFileType = sourcecode.c.objc; name = "NSIndexSet+AQIsSetContiguous.m"; path = "ImportedSources/AQGridView/Classes/NSIndexSet+AQIsSetContiguous.m"; sourceTree = SOURCE_ROOT; };
		7D6B07BA1716C9B8003280C4 /* UIColor+AQGridView.h */ = {isa = PBXFileReference; fileEncoding = 4; lastKnownFileType = sourcecode.c.h; name = "UIColor+AQGridView.h"; path = "ImportedSources/AQGridView/Classes/UIColor+AQGridView.h"; sourceTree = SOURCE_ROOT; };
		7D6B07BB1716C9B8003280C4 /* UIColor+AQGridView.m */ = {isa = PBXFileReference; fileEncoding = 4; lastKnownFileType = sourcecode.c.objc; name = "UIColor+AQGridView.m"; path = "ImportedSources/AQGridView/Classes/UIColor+AQGridView.m"; sourceTree = SOURCE_ROOT; };
		7D6B07F51716D45B003280C4 /* VLCPlaylistGridViewCell.h */ = {isa = PBXFileReference; fileEncoding = 4; lastKnownFileType = sourcecode.c.h; path = VLCPlaylistGridViewCell.h; sourceTree = "<group>"; };
		7D6B07F61716D45B003280C4 /* VLCPlaylistGridViewCell.m */ = {isa = PBXFileReference; fileEncoding = 4; lastKnownFileType = sourcecode.c.objc; path = VLCPlaylistGridViewCell.m; sourceTree = "<group>"; };
		7D94FCDB16DE7D1000F2623B /* AspenProject.app */ = {isa = PBXFileReference; explicitFileType = wrapper.application; includeInIndex = 0; path = AspenProject.app; sourceTree = BUILT_PRODUCTS_DIR; };
		7D94FCDE16DE7D1000F2623B /* UIKit.framework */ = {isa = PBXFileReference; lastKnownFileType = wrapper.framework; name = UIKit.framework; path = System/Library/Frameworks/UIKit.framework; sourceTree = SDKROOT; };
		7D94FCE016DE7D1000F2623B /* Foundation.framework */ = {isa = PBXFileReference; lastKnownFileType = wrapper.framework; name = Foundation.framework; path = System/Library/Frameworks/Foundation.framework; sourceTree = SDKROOT; };
		7D94FCE216DE7D1000F2623B /* CoreGraphics.framework */ = {isa = PBXFileReference; lastKnownFileType = wrapper.framework; name = CoreGraphics.framework; path = System/Library/Frameworks/CoreGraphics.framework; sourceTree = SDKROOT; };
		7D94FCE616DE7D1000F2623B /* AspenProject-Info.plist */ = {isa = PBXFileReference; lastKnownFileType = text.plist.xml; path = "AspenProject-Info.plist"; sourceTree = "<group>"; };
		7D94FCEA16DE7D1000F2623B /* main.m */ = {isa = PBXFileReference; lastKnownFileType = sourcecode.c.objc; path = main.m; sourceTree = "<group>"; };
		7D94FCEC16DE7D1000F2623B /* AspenProject-Prefix.pch */ = {isa = PBXFileReference; lastKnownFileType = sourcecode.c.h; path = "AspenProject-Prefix.pch"; sourceTree = "<group>"; };
		7D94FCED16DE7D1000F2623B /* VLCAppDelegate.h */ = {isa = PBXFileReference; lastKnownFileType = sourcecode.c.h; path = VLCAppDelegate.h; sourceTree = "<group>"; };
		7D94FCEE16DE7D1000F2623B /* VLCAppDelegate.m */ = {isa = PBXFileReference; lastKnownFileType = sourcecode.c.objc; path = VLCAppDelegate.m; sourceTree = "<group>"; };
		7D94FCF616DE7D1100F2623B /* VLCPlaylistViewController.h */ = {isa = PBXFileReference; lastKnownFileType = sourcecode.c.h; path = VLCPlaylistViewController.h; sourceTree = "<group>"; };
		7D94FCF716DE7D1100F2623B /* VLCPlaylistViewController.m */ = {isa = PBXFileReference; lastKnownFileType = sourcecode.c.objc; path = VLCPlaylistViewController.m; sourceTree = "<group>"; };
		7D94FCF916DE7D1100F2623B /* VLCMovieViewController.h */ = {isa = PBXFileReference; lastKnownFileType = sourcecode.c.h; path = VLCMovieViewController.h; sourceTree = "<group>"; };
		7D94FCFA16DE7D1100F2623B /* VLCMovieViewController.m */ = {isa = PBXFileReference; lastKnownFileType = sourcecode.c.objc; path = VLCMovieViewController.m; sourceTree = "<group>"; };
		7D9529521732EFCA006F5B40 /* VLCAboutViewController~ipad.xib */ = {isa = PBXFileReference; fileEncoding = 4; lastKnownFileType = file.xib; name = "VLCAboutViewController~ipad.xib"; path = "Resources/VLCAboutViewController~ipad.xib"; sourceTree = SOURCE_ROOT; };
		7DA62099170A0CE500643D11 /* VLCPlaylistTableViewCell.h */ = {isa = PBXFileReference; fileEncoding = 4; lastKnownFileType = sourcecode.c.h; path = VLCPlaylistTableViewCell.h; sourceTree = "<group>"; };
		7DA6209A170A0CE500643D11 /* VLCPlaylistTableViewCell.m */ = {isa = PBXFileReference; fileEncoding = 4; lastKnownFileType = sourcecode.c.objc; path = VLCPlaylistTableViewCell.m; sourceTree = "<group>"; };
		7DA8B0F9173318E80029698C /* SourceCodePro-Regular.ttf */ = {isa = PBXFileReference; lastKnownFileType = file; path = "SourceCodePro-Regular.ttf"; sourceTree = "<group>"; };
		7DA8B0FA173318E80029698C /* SourceSansPro-Regular.ttf */ = {isa = PBXFileReference; lastKnownFileType = file; path = "SourceSansPro-Regular.ttf"; sourceTree = "<group>"; };
		7DADC55D1704FABF001DAC63 /* OBSlider.h */ = {isa = PBXFileReference; fileEncoding = 4; lastKnownFileType = sourcecode.c.h; name = OBSlider.h; path = ImportedSources/OBSlider/OBSlider/OBSlider.h; sourceTree = SOURCE_ROOT; };
		7DADC55E1704FABF001DAC63 /* OBSlider.m */ = {isa = PBXFileReference; fileEncoding = 4; lastKnownFileType = sourcecode.c.objc; name = OBSlider.m; path = ImportedSources/OBSlider/OBSlider/OBSlider.m; sourceTree = SOURCE_ROOT; };
		7DBC3B301711DB1E00DCF688 /* Aspen.png */ = {isa = PBXFileReference; lastKnownFileType = image.png; path = Aspen.png; sourceTree = "<group>"; };
		7DBC3B341711DC1200DCF688 /* Aspen72.png */ = {isa = PBXFileReference; lastKnownFileType = image.png; path = Aspen72.png; sourceTree = "<group>"; };
		7DBC3B361711DCAB00DCF688 /* Aspen144.png */ = {isa = PBXFileReference; lastKnownFileType = image.png; path = Aspen144.png; sourceTree = "<group>"; };
		7DBC3B381711DD0200DCF688 /* Aspen114.png */ = {isa = PBXFileReference; lastKnownFileType = image.png; path = Aspen114.png; sourceTree = "<group>"; };
		7DBC3B3A1711DD0900DCF688 /* Aspen57.png */ = {isa = PBXFileReference; lastKnownFileType = image.png; path = Aspen57.png; sourceTree = "<group>"; };
		7DBC3B411711FC6C00DCF688 /* VLCAboutViewController.h */ = {isa = PBXFileReference; fileEncoding = 4; lastKnownFileType = sourcecode.c.h; path = VLCAboutViewController.h; sourceTree = "<group>"; };
		7DBC3B421711FC6C00DCF688 /* VLCAboutViewController.m */ = {isa = PBXFileReference; fileEncoding = 4; lastKnownFileType = sourcecode.c.objc; path = VLCAboutViewController.m; sourceTree = "<group>"; };
		7DBC3B431711FC6C00DCF688 /* VLCAboutViewController~iphone.xib */ = {isa = PBXFileReference; fileEncoding = 4; lastKnownFileType = file.xib; name = "VLCAboutViewController~iphone.xib"; path = "../Resources/VLCAboutViewController~iphone.xib"; sourceTree = "<group>"; };
		7DBC3B48171204EC00DCF688 /* About Contents.txt */ = {isa = PBXFileReference; fileEncoding = 4; lastKnownFileType = text; path = "About Contents.txt"; sourceTree = "<group>"; };
		7DC87AEC17412A1F009DC250 /* VLCLinearProgressIndicator.h */ = {isa = PBXFileReference; fileEncoding = 4; lastKnownFileType = sourcecode.c.h; path = VLCLinearProgressIndicator.h; sourceTree = "<group>"; };
		7DC87AED17412A1F009DC250 /* VLCLinearProgressIndicator.m */ = {isa = PBXFileReference; fileEncoding = 4; lastKnownFileType = sourcecode.c.objc; path = VLCLinearProgressIndicator.m; sourceTree = "<group>"; };
		7DC87AEF17413634009DC250 /* de */ = {isa = PBXFileReference; lastKnownFileType = text.plist.strings; name = de; path = de.lproj/Localizable.strings; sourceTree = "<group>"; };
		7DDD0428172D98E5005A7B10 /* CFNetwork.framework */ = {isa = PBXFileReference; lastKnownFileType = wrapper.framework; name = CFNetwork.framework; path = System/Library/Frameworks/CFNetwork.framework; sourceTree = SDKROOT; };
		7DE480CF173FEA30003613E0 /* VLCCircularProgressIndicator.h */ = {isa = PBXFileReference; fileEncoding = 4; lastKnownFileType = sourcecode.c.h; path = VLCCircularProgressIndicator.h; sourceTree = "<group>"; };
		7DE480D0173FEA30003613E0 /* VLCCircularProgressIndicator.m */ = {isa = PBXFileReference; fileEncoding = 4; lastKnownFileType = sourcecode.c.objc; path = VLCCircularProgressIndicator.m; sourceTree = "<group>"; };
		A7924695170F0BA90036AAF2 /* libMediaLibraryKit.a */ = {isa = PBXFileReference; lastKnownFileType = archive.ar; name = libMediaLibraryKit.a; path = "ImportedSources/MediaLibraryKit/build/Release-iphonesimulator/libMediaLibraryKit.a"; sourceTree = "<group>"; };
		A7924698170F0ED20036AAF2 /* Default-568h@2x.png */ = {isa = PBXFileReference; lastKnownFileType = image.png; path = "Default-568h@2x.png"; sourceTree = "<group>"; };
		A7924699170F0ED20036AAF2 /* Default.png */ = {isa = PBXFileReference; lastKnownFileType = image.png; path = Default.png; sourceTree = "<group>"; };
		A792469A170F0ED20036AAF2 /* Default@2x.png */ = {isa = PBXFileReference; lastKnownFileType = image.png; path = "Default@2x.png"; sourceTree = "<group>"; };
		A79246BC170F114E0036AAF2 /* VLCPlaylistViewController~ipad.xib */ = {isa = PBXFileReference; fileEncoding = 4; lastKnownFileType = file.xib; name = "VLCPlaylistViewController~ipad.xib"; path = "Resources/VLCPlaylistViewController~ipad.xib"; sourceTree = SOURCE_ROOT; };
		A79246BD170F114E0036AAF2 /* VLCMovieViewController~iphone.xib */ = {isa = PBXFileReference; fileEncoding = 4; lastKnownFileType = file.xib; name = "VLCMovieViewController~iphone.xib"; path = "Resources/VLCMovieViewController~iphone.xib"; sourceTree = SOURCE_ROOT; };
		A79246BE170F114E0036AAF2 /* VLCPlaylistTableViewCell.xib */ = {isa = PBXFileReference; fileEncoding = 4; lastKnownFileType = file.xib; name = VLCPlaylistTableViewCell.xib; path = Resources/VLCPlaylistTableViewCell.xib; sourceTree = SOURCE_ROOT; };
		A79246C0170F114E0036AAF2 /* VLCPlaylistViewController~iphone.xib */ = {isa = PBXFileReference; fileEncoding = 4; lastKnownFileType = file.xib; name = "VLCPlaylistViewController~iphone.xib"; path = "Resources/VLCPlaylistViewController~iphone.xib"; sourceTree = SOURCE_ROOT; };
		A79246C7170F11DF0036AAF2 /* en */ = {isa = PBXFileReference; lastKnownFileType = text.plist.strings; name = en; path = en.lproj/Localizable.strings; sourceTree = "<group>"; };
		A79246C9170F11E40036AAF2 /* ru */ = {isa = PBXFileReference; lastKnownFileType = text.plist.strings; name = ru; path = ru.lproj/Localizable.strings; sourceTree = "<group>"; };
		A7CB0DAD1716F72600050CF3 /* PlayingExternally@2x~iphone.png */ = {isa = PBXFileReference; lastKnownFileType = image.png; path = "PlayingExternally@2x~iphone.png"; sourceTree = "<group>"; };
		A7CB0DAE1716F72600050CF3 /* PlayingExternally~iphone.png */ = {isa = PBXFileReference; lastKnownFileType = image.png; path = "PlayingExternally~iphone.png"; sourceTree = "<group>"; };
		A7CB0DAF1716F72600050CF3 /* PlayingExternally~ipad.png */ = {isa = PBXFileReference; lastKnownFileType = image.png; path = "PlayingExternally~ipad.png"; sourceTree = "<group>"; };
		A7CB0DB01716F72600050CF3 /* PlayingExternally@2x~ipad.png */ = {isa = PBXFileReference; lastKnownFileType = image.png; path = "PlayingExternally@2x~ipad.png"; sourceTree = "<group>"; };
		A7DA16CF171083DF00D6FED9 /* VLCExternalDisplayController.h */ = {isa = PBXFileReference; fileEncoding = 4; lastKnownFileType = sourcecode.c.h; path = VLCExternalDisplayController.h; sourceTree = "<group>"; };
		A7DA16D0171083DF00D6FED9 /* VLCExternalDisplayController.m */ = {isa = PBXFileReference; fileEncoding = 4; lastKnownFileType = sourcecode.c.objc; path = VLCExternalDisplayController.m; sourceTree = "<group>"; };
		CC1BBC3E1704934200A20CBF /* libMobileVLCKit.a */ = {isa = PBXFileReference; lastKnownFileType = archive.ar; name = libMobileVLCKit.a; path = "ImportedSources/VLCKit/build/Release-iphonesimulator/libMobileVLCKit.a"; sourceTree = "<group>"; };
		CC1BBC421704935E00A20CBF /* MediaLibrary.mom */ = {isa = PBXFileReference; lastKnownFileType = file.bplist; name = MediaLibrary.mom; path = "ImportedSources/MediaLibraryKit/build/Release-iphonesimulator/MediaLibrary.mom"; sourceTree = "<group>"; };
		CC1BBC451704938300A20CBF /* libiconv.dylib */ = {isa = PBXFileReference; lastKnownFileType = "compiled.mach-o.dylib"; name = libiconv.dylib; path = usr/lib/libiconv.dylib; sourceTree = SDKROOT; };
		CC1BBC471704938B00A20CBF /* libstdc++.dylib */ = {isa = PBXFileReference; lastKnownFileType = "compiled.mach-o.dylib"; name = "libstdc++.dylib"; path = "usr/lib/libstdc++.dylib"; sourceTree = SDKROOT; };
		CC1BBC491704939300A20CBF /* libz.dylib */ = {isa = PBXFileReference; lastKnownFileType = "compiled.mach-o.dylib"; name = libz.dylib; path = usr/lib/libz.dylib; sourceTree = SDKROOT; };
		CC1BBC4B1704939B00A20CBF /* libsqlite3.dylib */ = {isa = PBXFileReference; lastKnownFileType = "compiled.mach-o.dylib"; name = libsqlite3.dylib; path = usr/lib/libsqlite3.dylib; sourceTree = SDKROOT; };
		CC1BBC4D170493A300A20CBF /* libbz2.dylib */ = {isa = PBXFileReference; lastKnownFileType = "compiled.mach-o.dylib"; name = libbz2.dylib; path = usr/lib/libbz2.dylib; sourceTree = SDKROOT; };
		CC1BBC4F170493AA00A20CBF /* libxml2.dylib */ = {isa = PBXFileReference; lastKnownFileType = "compiled.mach-o.dylib"; name = libxml2.dylib; path = usr/lib/libxml2.dylib; sourceTree = SDKROOT; };
		CC1BBC51170493B100A20CBF /* OpenGLES.framework */ = {isa = PBXFileReference; lastKnownFileType = wrapper.framework; name = OpenGLES.framework; path = System/Library/Frameworks/OpenGLES.framework; sourceTree = SDKROOT; };
		CC1BBC53170493B800A20CBF /* AudioToolbox.framework */ = {isa = PBXFileReference; lastKnownFileType = wrapper.framework; name = AudioToolbox.framework; path = System/Library/Frameworks/AudioToolbox.framework; sourceTree = SDKROOT; };
		CC1BBC55170493C100A20CBF /* QuartzCore.framework */ = {isa = PBXFileReference; lastKnownFileType = wrapper.framework; name = QuartzCore.framework; path = System/Library/Frameworks/QuartzCore.framework; sourceTree = SDKROOT; };
		CC1BBC57170493E100A20CBF /* CoreData.framework */ = {isa = PBXFileReference; lastKnownFileType = wrapper.framework; name = CoreData.framework; path = System/Library/Frameworks/CoreData.framework; sourceTree = SDKROOT; };
/* End PBXFileReference section */

/* Begin PBXFrameworksBuildPhase section */
		7D94FCD816DE7D1000F2623B /* Frameworks */ = {
			isa = PBXFrameworksBuildPhase;
			buildActionMask = 2147483647;
			files = (
				7DDD0429172D98E5005A7B10 /* CFNetwork.framework in Frameworks */,
				CC1BBC58170493E100A20CBF /* CoreData.framework in Frameworks */,
				CC1BBC56170493C100A20CBF /* QuartzCore.framework in Frameworks */,
				CC1BBC54170493B800A20CBF /* AudioToolbox.framework in Frameworks */,
				CC1BBC52170493B100A20CBF /* OpenGLES.framework in Frameworks */,
				CC1BBC50170493AA00A20CBF /* libxml2.dylib in Frameworks */,
				CC1BBC4E170493A300A20CBF /* libbz2.dylib in Frameworks */,
				CC1BBC4C1704939B00A20CBF /* libsqlite3.dylib in Frameworks */,
				CC1BBC481704938B00A20CBF /* libstdc++.dylib in Frameworks */,
				CC1BBC461704938300A20CBF /* libiconv.dylib in Frameworks */,
				CC1BBC3F1704934300A20CBF /* libMobileVLCKit.a in Frameworks */,
				7D94FCDF16DE7D1000F2623B /* UIKit.framework in Frameworks */,
				7D94FCE116DE7D1000F2623B /* Foundation.framework in Frameworks */,
				7D94FCE316DE7D1000F2623B /* CoreGraphics.framework in Frameworks */,
				A7924696170F0BA90036AAF2 /* libMediaLibraryKit.a in Frameworks */,
			);
			runOnlyForDeploymentPostprocessing = 0;
		};
/* End PBXFrameworksBuildPhase section */

/* Begin PBXGroup section */
		7D6B07A31716C9A6003280C4 /* OBSlider */ = {
			isa = PBXGroup;
			children = (
				7DADC55D1704FABF001DAC63 /* OBSlider.h */,
				7DADC55E1704FABF001DAC63 /* OBSlider.m */,
			);
			name = OBSlider;
			sourceTree = "<group>";
		};
		7D6B07A41716C9AD003280C4 /* AQGridView */ = {
			isa = PBXGroup;
			children = (
				7D6B07A51716C9B8003280C4 /* AQGridView.h */,
				7D6B07A61716C9B8003280C4 /* AQGridView.m */,
				7D6B07A71716C9B8003280C4 /* AQGridView+CellLayout.h */,
				7D6B07A81716C9B8003280C4 /* AQGridView+CellLocationDelegation.h */,
				7D6B07A91716C9B8003280C4 /* AQGridViewAnimatorItem.h */,
				7D6B07AA1716C9B8003280C4 /* AQGridViewAnimatorItem.m */,
				7D6B07AB1716C9B8003280C4 /* AQGridViewCell.h */,
				7D6B07AC1716C9B8003280C4 /* AQGridViewCell.m */,
				7D6B07AD1716C9B8003280C4 /* AQGridViewCell+AQGridViewCellPrivate.h */,
				7D6B07AE1716C9B8003280C4 /* AQGridViewController.h */,
				7D6B07AF1716C9B8003280C4 /* AQGridViewController.m */,
				7D6B07B01716C9B8003280C4 /* AQGridViewData.h */,
				7D6B07B11716C9B8003280C4 /* AQGridViewData.m */,
				7D6B07B21716C9B8003280C4 /* AQGridViewUpdateInfo.h */,
				7D6B07B31716C9B8003280C4 /* AQGridViewUpdateInfo.m */,
				7D6B07B41716C9B8003280C4 /* AQGridViewUpdateItem.h */,
				7D6B07B51716C9B8003280C4 /* AQGridViewUpdateItem.m */,
				7D6B07B61716C9B8003280C4 /* NSIndexSet+AQIndexesOutsideSet.h */,
				7D6B07B71716C9B8003280C4 /* NSIndexSet+AQIndexesOutsideSet.m */,
				7D6B07B81716C9B8003280C4 /* NSIndexSet+AQIsSetContiguous.h */,
				7D6B07B91716C9B8003280C4 /* NSIndexSet+AQIsSetContiguous.m */,
				7D6B07BA1716C9B8003280C4 /* UIColor+AQGridView.h */,
				7D6B07BB1716C9B8003280C4 /* UIColor+AQGridView.m */,
			);
			name = AQGridView;
			sourceTree = "<group>";
		};
		7D94FCD216DE7D1000F2623B = {
			isa = PBXGroup;
			children = (
				7D94FCE416DE7D1000F2623B /* AspenProject */,
				CC1BBC441704936500A20CBF /* External VLC Libraries */,
				7D94FCDD16DE7D1000F2623B /* Frameworks */,
				7D94FCDC16DE7D1000F2623B /* Products */,
			);
			sourceTree = "<group>";
		};
		7D94FCDC16DE7D1000F2623B /* Products */ = {
			isa = PBXGroup;
			children = (
				7D94FCDB16DE7D1000F2623B /* AspenProject.app */,
			);
			name = Products;
			sourceTree = "<group>";
		};
		7D94FCDD16DE7D1000F2623B /* Frameworks */ = {
			isa = PBXGroup;
			children = (
				7DDD0428172D98E5005A7B10 /* CFNetwork.framework */,
				CC1BBC57170493E100A20CBF /* CoreData.framework */,
				CC1BBC55170493C100A20CBF /* QuartzCore.framework */,
				CC1BBC53170493B800A20CBF /* AudioToolbox.framework */,
				CC1BBC51170493B100A20CBF /* OpenGLES.framework */,
				CC1BBC4F170493AA00A20CBF /* libxml2.dylib */,
				CC1BBC4D170493A300A20CBF /* libbz2.dylib */,
				CC1BBC4B1704939B00A20CBF /* libsqlite3.dylib */,
				CC1BBC491704939300A20CBF /* libz.dylib */,
				CC1BBC471704938B00A20CBF /* libstdc++.dylib */,
				CC1BBC451704938300A20CBF /* libiconv.dylib */,
				7D94FCDE16DE7D1000F2623B /* UIKit.framework */,
				7D94FCE016DE7D1000F2623B /* Foundation.framework */,
				7D94FCE216DE7D1000F2623B /* CoreGraphics.framework */,
			);
			name = Frameworks;
			sourceTree = "<group>";
		};
		7D94FCE416DE7D1000F2623B /* AspenProject */ = {
			isa = PBXGroup;
			children = (
				7D94FCED16DE7D1000F2623B /* VLCAppDelegate.h */,
				7D94FCEE16DE7D1000F2623B /* VLCAppDelegate.m */,
				7D94FCF616DE7D1100F2623B /* VLCPlaylistViewController.h */,
				7D94FCF716DE7D1100F2623B /* VLCPlaylistViewController.m */,
				7DBC3B411711FC6C00DCF688 /* VLCAboutViewController.h */,
				7DBC3B421711FC6C00DCF688 /* VLCAboutViewController.m */,
				7D94FCF916DE7D1100F2623B /* VLCMovieViewController.h */,
				7D94FCFA16DE7D1100F2623B /* VLCMovieViewController.m */,
				7DA62099170A0CE500643D11 /* VLCPlaylistTableViewCell.h */,
				7DA6209A170A0CE500643D11 /* VLCPlaylistTableViewCell.m */,
				7D6B07F51716D45B003280C4 /* VLCPlaylistGridViewCell.h */,
				7D6B07F61716D45B003280C4 /* VLCPlaylistGridViewCell.m */,
				A7DA16CF171083DF00D6FED9 /* VLCExternalDisplayController.h */,
				A7DA16D0171083DF00D6FED9 /* VLCExternalDisplayController.m */,
				7DE480CF173FEA30003613E0 /* VLCCircularProgressIndicator.h */,
				7DE480D0173FEA30003613E0 /* VLCCircularProgressIndicator.m */,
				7DC87AEC17412A1F009DC250 /* VLCLinearProgressIndicator.h */,
				7DC87AED17412A1F009DC250 /* VLCLinearProgressIndicator.m */,
				7DADC5601704FACC001DAC63 /* Imported */,
				7DADC55C1704FAA8001DAC63 /* XIBs */,
				A7924697170F0ED20036AAF2 /* Resources */,
				7D94FCE516DE7D1000F2623B /* Supporting Files */,
			);
			path = AspenProject;
			sourceTree = "<group>";
		};
		7D94FCE516DE7D1000F2623B /* Supporting Files */ = {
			isa = PBXGroup;
			children = (
				7D94FCE616DE7D1000F2623B /* AspenProject-Info.plist */,
				7D94FCEA16DE7D1000F2623B /* main.m */,
				7D94FCEC16DE7D1000F2623B /* AspenProject-Prefix.pch */,
			);
			name = "Supporting Files";
			sourceTree = "<group>";
		};
		7DADC55C1704FAA8001DAC63 /* XIBs */ = {
			isa = PBXGroup;
			children = (
				7DBC3B431711FC6C00DCF688 /* VLCAboutViewController~iphone.xib */,
				7D9529521732EFCA006F5B40 /* VLCAboutViewController~ipad.xib */,
				A79246BD170F114E0036AAF2 /* VLCMovieViewController~iphone.xib */,
				A79246BE170F114E0036AAF2 /* VLCPlaylistTableViewCell.xib */,
				A79246C0170F114E0036AAF2 /* VLCPlaylistViewController~iphone.xib */,
				7D33D41517182615008AF0E0 /* VLCMovieViewController~ipad.xib */,
				A79246BC170F114E0036AAF2 /* VLCPlaylistViewController~ipad.xib */,
			);
			name = XIBs;
			sourceTree = "<group>";
		};
		7DADC5601704FACC001DAC63 /* Imported */ = {
			isa = PBXGroup;
			children = (
				7D6B07A41716C9AD003280C4 /* AQGridView */,
				7D6B07A31716C9A6003280C4 /* OBSlider */,
			);
			name = Imported;
			sourceTree = "<group>";
		};
		7DBC3B3C1711DD1E00DCF688 /* Icons */ = {
			isa = PBXGroup;
			children = (
				7DBC3B301711DB1E00DCF688 /* Aspen.png */,
				7DBC3B341711DC1200DCF688 /* Aspen72.png */,
				7DBC3B361711DCAB00DCF688 /* Aspen144.png */,
				7DBC3B3A1711DD0900DCF688 /* Aspen57.png */,
				7DBC3B381711DD0200DCF688 /* Aspen114.png */,
			);
			name = Icons;
			sourceTree = "<group>";
		};
		A7924697170F0ED20036AAF2 /* Resources */ = {
			isa = PBXGroup;
			children = (
				7DA8B0F9173318E80029698C /* SourceCodePro-Regular.ttf */,
				7DA8B0FA173318E80029698C /* SourceSansPro-Regular.ttf */,
				7DBC3B48171204EC00DCF688 /* About Contents.txt */,
				7DBC3B3C1711DD1E00DCF688 /* Icons */,
				A79246C6170F11DF0036AAF2 /* Localizable.strings */,
				A7CB0DAD1716F72600050CF3 /* PlayingExternally@2x~iphone.png */,
				A7CB0DAE1716F72600050CF3 /* PlayingExternally~iphone.png */,
				A7CB0DAF1716F72600050CF3 /* PlayingExternally~ipad.png */,
				A7CB0DB01716F72600050CF3 /* PlayingExternally@2x~ipad.png */,
				A7924698170F0ED20036AAF2 /* Default-568h@2x.png */,
				A7924699170F0ED20036AAF2 /* Default.png */,
				A792469A170F0ED20036AAF2 /* Default@2x.png */,
			);
			path = Resources;
			sourceTree = SOURCE_ROOT;
		};
		CC1BBC441704936500A20CBF /* External VLC Libraries */ = {
			isa = PBXGroup;
			children = (
				A7924695170F0BA90036AAF2 /* libMediaLibraryKit.a */,
				CC1BBC421704935E00A20CBF /* MediaLibrary.mom */,
				CC1BBC3E1704934200A20CBF /* libMobileVLCKit.a */,
			);
			name = "External VLC Libraries";
			sourceTree = "<group>";
		};
/* End PBXGroup section */

/* Begin PBXNativeTarget section */
		7D94FCDA16DE7D1000F2623B /* AspenProject */ = {
			isa = PBXNativeTarget;
			buildConfigurationList = 7D94FD0A16DE7D1100F2623B /* Build configuration list for PBXNativeTarget "AspenProject" */;
			buildPhases = (
				7D94FCD716DE7D1000F2623B /* Sources */,
				7D94FCD816DE7D1000F2623B /* Frameworks */,
				7D94FCD916DE7D1000F2623B /* Resources */,
			);
			buildRules = (
			);
			dependencies = (
			);
			name = AspenProject;
			productName = AspenProject;
			productReference = 7D94FCDB16DE7D1000F2623B /* AspenProject.app */;
			productType = "com.apple.product-type.application";
		};
/* End PBXNativeTarget section */

/* Begin PBXProject section */
		7D94FCD316DE7D1000F2623B /* Project object */ = {
			isa = PBXProject;
			attributes = {
				CLASSPREFIX = VLC;
				LastUpgradeCheck = 0460;
				ORGANIZATIONNAME = VideoLAN;
			};
			buildConfigurationList = 7D94FCD616DE7D1000F2623B /* Build configuration list for PBXProject "AspenProject" */;
			compatibilityVersion = "Xcode 3.2";
			developmentRegion = English;
			hasScannedForEncodings = 0;
			knownRegions = (
				en,
				ru,
				de,
			);
			mainGroup = 7D94FCD216DE7D1000F2623B;
			productRefGroup = 7D94FCDC16DE7D1000F2623B /* Products */;
			projectDirPath = "";
			projectRoot = "";
			targets = (
				7D94FCDA16DE7D1000F2623B /* AspenProject */,
			);
		};
/* End PBXProject section */

/* Begin PBXResourcesBuildPhase section */
		7D94FCD916DE7D1000F2623B /* Resources */ = {
			isa = PBXResourcesBuildPhase;
			buildActionMask = 2147483647;
			files = (
				CC1BBC431704935E00A20CBF /* MediaLibrary.mom in Resources */,
				A79246A7170F0ED20036AAF2 /* Default-568h@2x.png in Resources */,
				A79246A8170F0ED20036AAF2 /* Default.png in Resources */,
				A79246A9170F0ED20036AAF2 /* Default@2x.png in Resources */,
				A79246C1170F114E0036AAF2 /* VLCPlaylistViewController~ipad.xib in Resources */,
				A79246C2170F114E0036AAF2 /* VLCMovieViewController~iphone.xib in Resources */,
				A79246C3170F114E0036AAF2 /* VLCPlaylistTableViewCell.xib in Resources */,
				A79246C5170F114E0036AAF2 /* VLCPlaylistViewController~iphone.xib in Resources */,
				A79246C8170F11DF0036AAF2 /* Localizable.strings in Resources */,
				7DBC3B311711DB1E00DCF688 /* Aspen.png in Resources */,
				7DBC3B351711DC1200DCF688 /* Aspen72.png in Resources */,
				7DBC3B371711DCAB00DCF688 /* Aspen144.png in Resources */,
				7DBC3B391711DD0200DCF688 /* Aspen114.png in Resources */,
				7DBC3B3B1711DD0900DCF688 /* Aspen57.png in Resources */,
				7DBC3B451711FC6C00DCF688 /* VLCAboutViewController~iphone.xib in Resources */,
				7DBC3B49171204ED00DCF688 /* About Contents.txt in Resources */,
				A7CB0DB11716F72600050CF3 /* PlayingExternally@2x~iphone.png in Resources */,
				A7CB0DB21716F72600050CF3 /* PlayingExternally~iphone.png in Resources */,
				A7CB0DB31716F72600050CF3 /* PlayingExternally~ipad.png in Resources */,
				A7CB0DB41716F72600050CF3 /* PlayingExternally@2x~ipad.png in Resources */,
				7D33D41617182615008AF0E0 /* VLCMovieViewController~ipad.xib in Resources */,
				7D9529531732EFCA006F5B40 /* VLCAboutViewController~ipad.xib in Resources */,
				7DA8B0FB173318E80029698C /* SourceCodePro-Regular.ttf in Resources */,
				7DA8B0FC173318E80029698C /* SourceSansPro-Regular.ttf in Resources */,
			);
			runOnlyForDeploymentPostprocessing = 0;
		};
/* End PBXResourcesBuildPhase section */

/* Begin PBXSourcesBuildPhase section */
		7D94FCD716DE7D1000F2623B /* Sources */ = {
			isa = PBXSourcesBuildPhase;
			buildActionMask = 2147483647;
			files = (
				7D94FCEB16DE7D1000F2623B /* main.m in Sources */,
				7D94FCEF16DE7D1000F2623B /* VLCAppDelegate.m in Sources */,
				7D94FCF816DE7D1100F2623B /* VLCPlaylistViewController.m in Sources */,
				7D94FCFB16DE7D1100F2623B /* VLCMovieViewController.m in Sources */,
				7DADC55F1704FABF001DAC63 /* OBSlider.m in Sources */,
				7DA6209B170A0CE500643D11 /* VLCPlaylistTableViewCell.m in Sources */,
				A7DA16D1171083DF00D6FED9 /* VLCExternalDisplayController.m in Sources */,
				7DBC3B441711FC6C00DCF688 /* VLCAboutViewController.m in Sources */,
				7D6B07BC1716C9B8003280C4 /* AQGridView.m in Sources */,
				7D6B07BD1716C9B8003280C4 /* AQGridViewAnimatorItem.m in Sources */,
				7D6B07BE1716C9B8003280C4 /* AQGridViewCell.m in Sources */,
				7D6B07BF1716C9B8003280C4 /* AQGridViewController.m in Sources */,
				7D6B07C01716C9B8003280C4 /* AQGridViewData.m in Sources */,
				7D6B07C11716C9B8003280C4 /* AQGridViewUpdateInfo.m in Sources */,
				7D6B07C21716C9B8003280C4 /* AQGridViewUpdateItem.m in Sources */,
				7D6B07C31716C9B8003280C4 /* NSIndexSet+AQIndexesOutsideSet.m in Sources */,
				7D6B07C41716C9B8003280C4 /* NSIndexSet+AQIsSetContiguous.m in Sources */,
				7D6B07C51716C9B8003280C4 /* UIColor+AQGridView.m in Sources */,
				7D6B07F71716D45C003280C4 /* VLCPlaylistGridViewCell.m in Sources */,
				7DE480D1173FEA30003613E0 /* VLCCircularProgressIndicator.m in Sources */,
				7DC87AEE17412A1F009DC250 /* VLCLinearProgressIndicator.m in Sources */,
			);
			runOnlyForDeploymentPostprocessing = 0;
		};
/* End PBXSourcesBuildPhase section */

/* Begin PBXVariantGroup section */
		A79246C6170F11DF0036AAF2 /* Localizable.strings */ = {
			isa = PBXVariantGroup;
			children = (
				A79246C7170F11DF0036AAF2 /* en */,
				A79246C9170F11E40036AAF2 /* ru */,
				7DC87AEF17413634009DC250 /* de */,
			);
			name = Localizable.strings;
			sourceTree = "<group>";
		};
/* End PBXVariantGroup section */

/* Begin XCBuildConfiguration section */
		7D94FD0816DE7D1100F2623B /* Debug */ = {
			isa = XCBuildConfiguration;
			buildSettings = {
				ALWAYS_SEARCH_USER_PATHS = NO;
				CLANG_CXX_LANGUAGE_STANDARD = "gnu++0x";
				CLANG_CXX_LIBRARY = "libc++";
				CLANG_WARN_CONSTANT_CONVERSION = YES;
				CLANG_WARN_EMPTY_BODY = YES;
				CLANG_WARN_ENUM_CONVERSION = YES;
				CLANG_WARN_INT_CONVERSION = YES;
				CLANG_WARN__DUPLICATE_METHOD_MATCH = YES;
				"CODE_SIGN_IDENTITY[sdk=iphoneos*]" = "iPhone Developer";
				COPY_PHASE_STRIP = NO;
				GCC_C_LANGUAGE_STANDARD = gnu99;
				GCC_DYNAMIC_NO_PIC = NO;
				GCC_OPTIMIZATION_LEVEL = 0;
				GCC_PREPROCESSOR_DEFINITIONS = (
					"DEBUG=1",
					"$(inherited)",
				);
				GCC_SYMBOLS_PRIVATE_EXTERN = NO;
				GCC_WARN_ABOUT_RETURN_TYPE = YES;
				GCC_WARN_UNINITIALIZED_AUTOS = YES;
				GCC_WARN_UNUSED_VARIABLE = YES;
				IPHONEOS_DEPLOYMENT_TARGET = 6.1;
				ONLY_ACTIVE_ARCH = YES;
				SDKROOT = iphoneos;
				TARGETED_DEVICE_FAMILY = "1,2";
			};
			name = Debug;
		};
		7D94FD0916DE7D1100F2623B /* Release */ = {
			isa = XCBuildConfiguration;
			buildSettings = {
				ALWAYS_SEARCH_USER_PATHS = NO;
				CLANG_CXX_LANGUAGE_STANDARD = "gnu++0x";
				CLANG_CXX_LIBRARY = "libc++";
				CLANG_WARN_CONSTANT_CONVERSION = YES;
				CLANG_WARN_EMPTY_BODY = YES;
				CLANG_WARN_ENUM_CONVERSION = YES;
				CLANG_WARN_INT_CONVERSION = YES;
				CLANG_WARN__DUPLICATE_METHOD_MATCH = YES;
				"CODE_SIGN_IDENTITY[sdk=iphoneos*]" = "iPhone Developer";
				COPY_PHASE_STRIP = YES;
				GCC_C_LANGUAGE_STANDARD = gnu99;
				GCC_WARN_ABOUT_RETURN_TYPE = YES;
				GCC_WARN_UNINITIALIZED_AUTOS = YES;
				GCC_WARN_UNUSED_VARIABLE = YES;
				IPHONEOS_DEPLOYMENT_TARGET = 6.1;
				OTHER_CFLAGS = "-DNS_BLOCK_ASSERTIONS=1";
				SDKROOT = iphoneos;
				TARGETED_DEVICE_FAMILY = "1,2";
				VALIDATE_PRODUCT = YES;
			};
			name = Release;
		};
		7D94FD0B16DE7D1100F2623B /* Debug */ = {
			isa = XCBuildConfiguration;
			buildSettings = {
				CLANG_ENABLE_OBJC_ARC = YES;
				COPY_PHASE_STRIP = NO;
				DEAD_CODE_STRIPPING = NO;
				GCC_C_LANGUAGE_STANDARD = c99;
				GCC_OPTIMIZATION_LEVEL = 3;
				GCC_PRECOMPILE_PREFIX_HEADER = YES;
				GCC_PREFIX_HEADER = "AspenProject/AspenProject-Prefix.pch";
				HEADER_SEARCH_PATHS = (
					"$(SRCROOT)/External/MobileVLCKit/include",
					"$(SRCROOT)/External/MediaLibraryKit/include",
				);
				INFOPLIST_FILE = "AspenProject/AspenProject-Info.plist";
				IPHONEOS_DEPLOYMENT_TARGET = 5.1;
				LIBRARY_SEARCH_PATHS = (
					"$(inherited)",
					"\"$(SRCROOT)/External/MediaLibraryKit\"",
					"\"$(SRCROOT)/External/MobileVLCKit\"",
					"\"$(SRCROOT)/ImportedSources/VLCKit/build/Release-iphonesimulator\"",
					"\"$(SRCROOT)/ImportedSources/MediaLibraryKit/build/Release-iphonesimulator\"",
				);
				OTHER_LDFLAGS = "-Wl,-no_pie";
				PRODUCT_NAME = "$(TARGET_NAME)";
				WRAPPER_EXTENSION = app;
			};
			name = Debug;
		};
		7D94FD0C16DE7D1100F2623B /* Release */ = {
			isa = XCBuildConfiguration;
			buildSettings = {
				CLANG_ENABLE_OBJC_ARC = YES;
				COPY_PHASE_STRIP = NO;
				DEAD_CODE_STRIPPING = NO;
				GCC_C_LANGUAGE_STANDARD = c99;
				GCC_OPTIMIZATION_LEVEL = 3;
				GCC_PRECOMPILE_PREFIX_HEADER = YES;
				GCC_PREFIX_HEADER = "AspenProject/AspenProject-Prefix.pch";
				HEADER_SEARCH_PATHS = (
					"$(SRCROOT)/External/MobileVLCKit/include",
					"$(SRCROOT)/External/MediaLibraryKit/include",
				);
				INFOPLIST_FILE = "AspenProject/AspenProject-Info.plist";
				IPHONEOS_DEPLOYMENT_TARGET = 5.1;
				LIBRARY_SEARCH_PATHS = (
					"$(inherited)",
					"\"$(SRCROOT)/External/MediaLibraryKit\"",
					"\"$(SRCROOT)/External/MobileVLCKit\"",
					"\"$(SRCROOT)/ImportedSources/VLCKit/build/Release-iphonesimulator\"",
					"\"$(SRCROOT)/ImportedSources/MediaLibraryKit/build/Release-iphonesimulator\"",
				);
				OTHER_LDFLAGS = "-Wl,-no_pie";
				PRODUCT_NAME = "$(TARGET_NAME)";
				WRAPPER_EXTENSION = app;
			};
			name = Release;
		};
/* End XCBuildConfiguration section */

/* Begin XCConfigurationList section */
		7D94FCD616DE7D1000F2623B /* Build configuration list for PBXProject "AspenProject" */ = {
			isa = XCConfigurationList;
			buildConfigurations = (
				7D94FD0816DE7D1100F2623B /* Debug */,
				7D94FD0916DE7D1100F2623B /* Release */,
			);
			defaultConfigurationIsVisible = 0;
			defaultConfigurationName = Release;
		};
		7D94FD0A16DE7D1100F2623B /* Build configuration list for PBXNativeTarget "AspenProject" */ = {
			isa = XCConfigurationList;
			buildConfigurations = (
				7D94FD0B16DE7D1100F2623B /* Debug */,
				7D94FD0C16DE7D1100F2623B /* Release */,
			);
			defaultConfigurationIsVisible = 0;
			defaultConfigurationName = Release;
		};
/* End XCConfigurationList section */
	};
	rootObject = 7D94FCD316DE7D1000F2623B /* Project object */;
}
