<?xml version="1.0" encoding="UTF-8"?>
<Scheme
   LastUpgradeVersion = "0800"
   version = "1.3">
   <BuildAction
      parallelizeBuildables = "YES"
      buildImplicitDependencies = "YES">
      <BuildActionEntries>
         <BuildActionEntry
            buildForTesting = "YES"
            buildForRunning = "YES"
            buildForProfiling = "YES"
            buildForArchiving = "YES"
            buildForAnalyzing = "YES">
            <BuildableReference
               BuildableIdentifier = "primary"
               BlueprintIdentifier = "DD3567631B6760BF00338947"
               BuildableName = "VLC-watchOS.app"
               BlueprintName = "VLC-watchOS"
               ReferencedContainer = "container:VLC.xcodeproj">
            </BuildableReference>
         </BuildActionEntry>
         <BuildActionEntry
            buildForTesting = "YES"
            buildForRunning = "YES"
            buildForProfiling = "YES"
            buildForArchiving = "YES"
            buildForAnalyzing = "YES">
            <BuildableReference
               BuildableIdentifier = "primary"
               BlueprintIdentifier = "7D94FCDA16DE7D1000F2623B"
               BuildableName = "VLC for iOS.app"
               BlueprintName = "VLC-iOS"
               ReferencedContainer = "container:VLC.xcodeproj">
            </BuildableReference>
         </BuildActionEntry>
      </BuildActionEntries>
   </BuildAction>
   <TestAction
      buildConfiguration = "Debug"
      selectedDebuggerIdentifier = "Xcode.DebuggerFoundation.Debugger.LLDB"
      selectedLauncherIdentifier = "Xcode.DebuggerFoundation.Launcher.LLDB"
      language = ""
      shouldUseLaunchSchemeArgsEnv = "YES">
      <Testables>
         <TestableReference
            skipped = "NO">
            <BuildableReference
               BuildableIdentifier = "primary"
               BlueprintIdentifier = "41B0BC851F73ED7D0063BA26"
               BuildableName = "VLC for iOSUITests.xctest"
               BlueprintName = "VLC for iOSUITests"
               ReferencedContainer = "container:VLC.xcodeproj">
            </BuildableReference>
         </TestableReference>
         <TestableReference
            skipped = "NO">
            <BuildableReference
               BuildableIdentifier = "primary"
               BlueprintIdentifier = "4100F9691F78F77800D94E5C"
               BuildableName = "VLC for iOSVideoCodecTests.xctest"
               BlueprintName = "VLC for iOSVideoCodecTests"
               ReferencedContainer = "container:VLC.xcodeproj">
            </BuildableReference>
         </TestableReference>
      </Testables>
      <MacroExpansion>
         <BuildableReference
            BuildableIdentifier = "primary"
            BlueprintIdentifier = "DD3567631B6760BF00338947"
            BuildableName = "VLC-watchOS.app"
            BlueprintName = "VLC-watchOS"
            ReferencedContainer = "container:VLC.xcodeproj">
         </BuildableReference>
      </MacroExpansion>
      <AdditionalOptions>
      </AdditionalOptions>
   </TestAction>
   <LaunchAction
      buildConfiguration = "Debug"
      selectedDebuggerIdentifier = "Xcode.DebuggerFoundation.Debugger.LLDB"
      selectedLauncherIdentifier = "Xcode.DebuggerFoundation.Launcher.LLDB"
      language = ""
      launchStyle = "0"
      useCustomWorkingDirectory = "NO"
      ignoresPersistentStateOnLaunch = "NO"
      debugDocumentVersioning = "YES"
      debugServiceExtension = "internal"
      allowLocationSimulation = "YES">
      <RemoteRunnable
         runnableDebuggingMode = "2"
         BundleIdentifier = "com.apple.carousel"
         RemotePath = "/VLC">
         <BuildableReference
            BuildableIdentifier = "primary"
            BlueprintIdentifier = "DD3567631B6760BF00338947"
            BuildableName = "VLC-watchOS.app"
            BlueprintName = "VLC-watchOS"
            ReferencedContainer = "container:VLC.xcodeproj">
         </BuildableReference>
      </RemoteRunnable>
      <MacroExpansion>
         <BuildableReference
            BuildableIdentifier = "primary"
            BlueprintIdentifier = "DD3567631B6760BF00338947"
            BuildableName = "VLC-watchOS.app"
            BlueprintName = "VLC-watchOS"
            ReferencedContainer = "container:VLC.xcodeproj">
         </BuildableReference>
      </MacroExpansion>
      <AdditionalOptions>
      </AdditionalOptions>
   </LaunchAction>
   <ProfileAction
      buildConfiguration = "Release"
      shouldUseLaunchSchemeArgsEnv = "YES"
      savedToolIdentifier = ""
      useCustomWorkingDirectory = "NO"
      debugDocumentVersioning = "YES">
      <RemoteRunnable
         runnableDebuggingMode = "2"
         BundleIdentifier = "com.apple.carousel"
         RemotePath = "/VLC">
         <BuildableReference
            BuildableIdentifier = "primary"
            BlueprintIdentifier = "DD3567631B6760BF00338947"
            BuildableName = "VLC-watchOS.app"
            BlueprintName = "VLC-watchOS"
            ReferencedContainer = "container:VLC.xcodeproj">
         </BuildableReference>
      </RemoteRunnable>
      <MacroExpansion>
         <BuildableReference
            BuildableIdentifier = "primary"
            BlueprintIdentifier = "DD3567631B6760BF00338947"
            BuildableName = "VLC-watchOS.app"
            BlueprintName = "VLC-watchOS"
            ReferencedContainer = "container:VLC.xcodeproj">
         </BuildableReference>
      </MacroExpansion>
   </ProfileAction>
   <AnalyzeAction
      buildConfiguration = "Debug">
   </AnalyzeAction>
   <ArchiveAction
      buildConfiguration = "Release"
      revealArchiveInOrganizer = "YES">
   </ArchiveAction>
</Scheme>
